
Microsoft Visual Studio Solution File, Format Version 10.00
# Visual Studio 2008
Project("{FAE04EC0-301F-11D3-BF4B-00C04F79EFBC}") = "RIPEMD160", "RIPEMD160.csproj", "{77EE0460-29E8-4227-A874-DECA9985BC64}"
EndProject
Global
	GlobalSection(SolutionConfigurationPlatforms) = preSolution
		Debug|Any CPU = Debug|Any CPU
		Release|Any CPU = Release|Any CPU
	EndGlobalSection
	GlobalSection(ProjectConfigurationPlatforms) = postSolution
		{77EE0460-29E8-4227-A874-DECA9985BC64}.Debug|Any CPU.ActiveCfg = Debug|Any CPU
		{77EE0460-29E8-4227-A874-DECA9985BC64}.Debug|Any CPU.Build.0 = Debug|Any CPU
		{77EE0460-29E8-4227-A874-DECA9985BC64}.Release|Any CPU.ActiveCfg = Release|Any CPU
		{77EE0460-29E8-4227-A874-DECA9985BC64}.Release|Any CPU.Build.0 = Release|Any CPU
	EndGlobalSection
	GlobalSection(SolutionProperties) = preSolution
		HideSolutionNode = FALSE
	EndGlobalSection
EndGlobal
