
Microsoft Visual Studio Solution File, Format Version 10.00
# Visual Studio 2008
Project("{FAE04EC0-301F-11D3-BF4B-00C04F79EFBC}") = "Primes", "Primes\Primes.csproj", "{2830F337-A7A3-4A68-87AC-64F3AA79C70B}"
EndProject
Project("{FAE04EC0-301F-11D3-BF4B-00C04F79EFBC}") = "CrypPluginBase", "..\..\CrypPluginBase\CrypPluginBase.csproj", "{25DB2B47-A457-4EC2-960B-395CE07AE093}"
EndProject
Project("{FAE04EC0-301F-11D3-BF4B-00C04F79EFBC}") = "Primes.Standalone", "Primes.Standalone\Primes.Standalone.csproj", "{BF52E371-532E-49B1-81D0-0F0E6657C147}"
EndProject
Project("{FAE04EC0-301F-11D3-BF4B-00C04F79EFBC}") = "CrypCore", "..\..\CrypCore\CrypCore.csproj", "{FF5D473C-0716-4D3E-9078-2EBD979F94C6}"
EndProject
Project("{FAE04EC0-301F-11D3-BF4B-00C04F79EFBC}") = "CrypUiPluginBase", "..\..\CrypUiPluginBase\CrypUiPluginBase.csproj", "{928CF4D4-3967-41C7-9962-BA9FB40FAD9A}"
EndProject
Global
	GlobalSection(SolutionConfigurationPlatforms) = preSolution
		Debug|Any CPU = Debug|Any CPU
		Release|Any CPU = Release|Any CPU
	EndGlobalSection
	GlobalSection(ProjectConfigurationPlatforms) = postSolution
		{2830F337-A7A3-4A68-87AC-64F3AA79C70B}.Debug|Any CPU.ActiveCfg = Debug|Any CPU
		{2830F337-A7A3-4A68-87AC-64F3AA79C70B}.Debug|Any CPU.Build.0 = Debug|Any CPU
		{2830F337-A7A3-4A68-87AC-64F3AA79C70B}.Release|Any CPU.ActiveCfg = Release|Any CPU
		{2830F337-A7A3-4A68-87AC-64F3AA79C70B}.Release|Any CPU.Build.0 = Release|Any CPU
		{25DB2B47-A457-4EC2-960B-395CE07AE093}.Debug|Any CPU.ActiveCfg = Debug|Any CPU
		{25DB2B47-A457-4EC2-960B-395CE07AE093}.Debug|Any CPU.Build.0 = Debug|Any CPU
		{25DB2B47-A457-4EC2-960B-395CE07AE093}.Release|Any CPU.ActiveCfg = Release|Any CPU
		{25DB2B47-A457-4EC2-960B-395CE07AE093}.Release|Any CPU.Build.0 = Release|Any CPU
		{BF52E371-532E-49B1-81D0-0F0E6657C147}.Debug|Any CPU.ActiveCfg = Debug|Any CPU
		{BF52E371-532E-49B1-81D0-0F0E6657C147}.Debug|Any CPU.Build.0 = Debug|Any CPU
		{BF52E371-532E-49B1-81D0-0F0E6657C147}.Release|Any CPU.ActiveCfg = Release|Any CPU
		{BF52E371-532E-49B1-81D0-0F0E6657C147}.Release|Any CPU.Build.0 = Release|Any CPU
		{FF5D473C-0716-4D3E-9078-2EBD979F94C6}.Debug|Any CPU.ActiveCfg = Debug|Any CPU
		{FF5D473C-0716-4D3E-9078-2EBD979F94C6}.Debug|Any CPU.Build.0 = Debug|Any CPU
		{FF5D473C-0716-4D3E-9078-2EBD979F94C6}.Release|Any CPU.ActiveCfg = Release|Any CPU
		{FF5D473C-0716-4D3E-9078-2EBD979F94C6}.Release|Any CPU.Build.0 = Release|Any CPU
		{928CF4D4-3967-41C7-9962-BA9FB40FAD9A}.Debug|Any CPU.ActiveCfg = Debug|Any CPU
		{928CF4D4-3967-41C7-9962-BA9FB40FAD9A}.Debug|Any CPU.Build.0 = Debug|Any CPU
		{928CF4D4-3967-41C7-9962-BA9FB40FAD9A}.Release|Any CPU.ActiveCfg = Release|Any CPU
		{928CF4D4-3967-41C7-9962-BA9FB40FAD9A}.Release|Any CPU.Build.0 = Release|Any CPU
	EndGlobalSection
	GlobalSection(SolutionProperties) = preSolution
		HideSolutionNode = FALSE
	EndGlobalSection
EndGlobal
