
Microsoft Visual Studio Solution File, Format Version 10.00
# Visual Studio 2008
Project("{FAE04EC0-301F-11D3-BF4B-00C04F79EFBC}") = "CrypPluginBase", "CrypPluginBase\CrypPluginBase.csproj", "{25DB2B47-A457-4EC2-960B-395CE07AE093}"
EndProject
Project("{FAE04EC0-301F-11D3-BF4B-00C04F79EFBC}") = "CrypCore", "CrypCore\CrypCore.csproj", "{FF5D473C-0716-4D3E-9078-2EBD979F94C6}"
EndProject
Project("{FAE04EC0-301F-11D3-BF4B-00C04F79EFBC}") = "TextInput", "CrypPlugins\TextInput\TextInput.csproj", "{475E8850-4D82-4C5E-AD19-5FDA82BC7576}"
EndProject
Project("{FAE04EC0-301F-11D3-BF4B-00C04F79EFBC}") = "Caesar", "CrypPlugins\Caesar\Caesar.csproj", "{AFBEAA94-3998-4C4A-805F-670ECF12029E}"
EndProject
Project("{FAE04EC0-301F-11D3-BF4B-00C04F79EFBC}") = "StreamComparator", "CrypPlugins\StreamComparator\StreamComparator.csproj", "{C867D829-43FC-429D-A68D-B969D627CE3C}"
EndProject
Project("{FAE04EC0-301F-11D3-BF4B-00C04F79EFBC}") = "TextOutput", "CrypPlugins\TextOutput\TextOutput.csproj", "{A5529873-06EA-4E38-8B99-5ABD84B20446}"
EndProject
Project("{FAE04EC0-301F-11D3-BF4B-00C04F79EFBC}") = "RandomInput", "CrypPlugins\RandomInput\RandomInput.csproj", "{571529E4-A474-47BD-810E-0C8434A76711}"
EndProject
Project("{FAE04EC0-301F-11D3-BF4B-00C04F79EFBC}") = "AES", "CrypPlugins\AES\AES.csproj", "{2A81A3B2-ABC0-4850-9C89-3830AD07FD6B}"
EndProject
Project("{FAE04EC0-301F-11D3-BF4B-00C04F79EFBC}") = "MD5", "CrypPlugins\MD5\MD5.csproj", "{1137719A-7468-4DEF-84B1-77AB82049656}"
EndProject
Project("{FAE04EC0-301F-11D3-BF4B-00C04F79EFBC}") = "StreamToStringConverter", "CrypPlugins\StreamToStringConverter\StreamToStringConverter.csproj", "{443FE8F7-03CC-4D37-BC7C-8E212C68A89E}"
EndProject
Project("{FAE04EC0-301F-11D3-BF4B-00C04F79EFBC}") = "StringToStreamConverter", "CrypPlugins\StringToStreamConvertor\StringToStreamConverter.csproj", "{4019990F-8D4E-4981-937C-6780D4395241}"
EndProject
Project("{FAE04EC0-301F-11D3-BF4B-00C04F79EFBC}") = "RIPEMD160", "CrypPlugins\RIPEMD160\RIPEMD160.csproj", "{77EE0460-29E8-4227-A874-DECA9985BC64}"
EndProject
Project("{FAE04EC0-301F-11D3-BF4B-00C04F79EFBC}") = "SHA", "CrypPlugins\SHA\SHA.csproj", "{D0693215-9A47-414B-BD99-1BE37C42EABB}"
EndProject
Project("{FAE04EC0-301F-11D3-BF4B-00C04F79EFBC}") = "ClipboardInput", "CrypPlugins\ClipboardInput\ClipboardInput.csproj", "{9EA9DD0F-D50D-49CB-BA86-10EF2FD7512A}"
EndProject
Project("{FAE04EC0-301F-11D3-BF4B-00C04F79EFBC}") = "ClipboardOutput", "CrypPlugins\ClipboardOutput\ClipboardOutput.csproj", "{BBDE8372-1DF7-45B4-A2AB-EA47FF52376D}"
EndProject
Project("{FAE04EC0-301F-11D3-BF4B-00C04F79EFBC}") = "PRESENT", "CrypPlugins\PRESENT\PRESENT.csproj", "{55E20598-2415-474B-BDD7-4BE042C0CCA8}"
EndProject
Project("{FAE04EC0-301F-11D3-BF4B-00C04F79EFBC}") = "FileInput", "CrypPlugins\FileInput\FileInput.csproj", "{3AA1DE4E-A8E8-4858-A833-D7F4B771DD8F}"
EndProject
Project("{FAE04EC0-301F-11D3-BF4B-00C04F79EFBC}") = "FileOutput", "CrypPlugins\FileOutput\FileOutput.csproj", "{C5325D3D-C78B-4294-8CF6-B29E3B64C5F9}"
EndProject
Project("{FAE04EC0-301F-11D3-BF4B-00C04F79EFBC}") = "NumberGenerator", "CrypPlugins\NumberGenerator\NumberGenerator.csproj", "{24E7548E-C0B7-49AD-9A23-C1331B893E96}"
EndProject
Project("{FAE04EC0-301F-11D3-BF4B-00C04F79EFBC}") = "Alphabets", "CrypPlugins\Alphabets\Alphabets.csproj", "{C7C03D54-9D6D-458E-B538-19F4CD31841E}"
EndProject
Project("{FAE04EC0-301F-11D3-BF4B-00C04F79EFBC}") = "XOR", "CrypPlugins\XOR\XOR.csproj", "{2BBA5775-A0F2-4846-BC88-46BE3B0F38B1}"
EndProject
Project("{FAE04EC0-301F-11D3-BF4B-00C04F79EFBC}") = "Multiplexer", "CrypPlugins\Multiplexer\Multiplexer.csproj", "{CFD7EBCC-F00B-40E5-A1B7-504337953B89}"
EndProject
Project("{FAE04EC0-301F-11D3-BF4B-00C04F79EFBC}") = "Contains", "CrypPlugins\Contains\Contains.csproj", "{AB072143-0ECF-403C-BB69-E7AEEC4528F9}"
EndProject
Project("{FAE04EC0-301F-11D3-BF4B-00C04F79EFBC}") = "IncDec", "CrypPlugins\IncDec\IncDec.csproj", "{75795A85-9C0D-4E83-9D75-E940117CDF20}"
EndProject
Project("{FAE04EC0-301F-11D3-BF4B-00C04F79EFBC}") = "Dictionary", "CrypPlugins\Dictionary\Dictionary.csproj", "{84E0B32B-70EE-4033-A2B8-2F0B41043D3D}"
EndProject
Project("{FAE04EC0-301F-11D3-BF4B-00C04F79EFBC}") = "Playfair", "CrypPlugins\Playfair\Playfair.csproj", "{5DA3E5DB-62B9-4621-AA69-56512BDECE7B}"
EndProject
Project("{FAE04EC0-301F-11D3-BF4B-00C04F79EFBC}") = "Factorizer", "CrypPlugins\Factorizer\Factorizer.csproj", "{3A4251D0-DAB0-4A1C-94A4-75BC2C2A5DEE}"
EndProject
Project("{FAE04EC0-301F-11D3-BF4B-00C04F79EFBC}") = "Splitter", "CrypPlugins\Splitter\Splitter.csproj", "{A2AFDF98-2007-4B2B-A768-DCD6A03B6FEA}"
EndProject
Project("{FAE04EC0-301F-11D3-BF4B-00C04F79EFBC}") = "Concatenate", "CrypPlugins\Concatenate\Concatenate.csproj", "{71F1475B-53C4-4188-A01D-30DA4F63B77F}"
EndProject
Project("{FAE04EC0-301F-11D3-BF4B-00C04F79EFBC}") = "ADFGVX", "CrypPlugins\ADFGVX\ADFGVX.csproj", "{9B9CD0E9-D048-45FD-BF0F-7C5A8E714AA2}"
EndProject
Project("{FAE04EC0-301F-11D3-BF4B-00C04F79EFBC}") = "Substitution", "CrypPlugins\Substitution\Substitution.csproj", "{C2DE271E-BAC1-48A8-9D06-432F4978DC94}"
EndProject
Project("{FAE04EC0-301F-11D3-BF4B-00C04F79EFBC}") = "Vernam", "CrypPlugins\Vernam\Vernam.csproj", "{EEEC04B8-BDD4-4F56-8B7B-4753BB270D11}"
EndProject
Project("{FAE04EC0-301F-11D3-BF4B-00C04F79EFBC}") = "Vigenere", "CrypPlugins\Vigenere\Vigenere.csproj", "{6F44863A-B9EE-4371-90BD-7FDF849DD2C4}"
EndProject
Project("{FAE04EC0-301F-11D3-BF4B-00C04F79EFBC}") = "DES", "CrypPlugins\DES\DES.csproj", "{E3D15A1E-65D0-457A-9894-7F4E36369163}"
EndProject
Project("{FAE04EC0-301F-11D3-BF4B-00C04F79EFBC}") = "RC2", "CrypPlugins\RC2\RC2.csproj", "{A2A7E7E6-05E6-46AD-B8AE-862D9DA78A1E}"
EndProject
Project("{FAE04EC0-301F-11D3-BF4B-00C04F79EFBC}") = "TripleDES", "CrypPlugins\TripleDES\TripleDES.csproj", "{DCAD5E2F-BA8C-430A-9651-995E97FE460D}"
EndProject
Project("{FAE04EC0-301F-11D3-BF4B-00C04F79EFBC}") = "ToString", "CrypPlugins\ToString\ToString.csproj", "{3C1DD11E-4A0C-4B53-9C42-8268A4DE5A0E}"
EndProject
Project("{FAE04EC0-301F-11D3-BF4B-00C04F79EFBC}") = "PrimeTest", "CrypPlugins\PrimeTest\PrimeTest.csproj", "{A91DE3E2-DF16-42E1-B164-7B02F4B2665F}"
EndProject
Project("{FAE04EC0-301F-11D3-BF4B-00C04F79EFBC}") = "PrimesGenerator", "CrypPlugins\PrimesGenerator\PrimesGenerator.csproj", "{C9BDBD03-DA86-408F-81A0-548D279A1BD8}"
EndProject
Project("{FAE04EC0-301F-11D3-BF4B-00C04F79EFBC}") = "Primes", "CrypPlugins\Primes\Primes\Primes.csproj", "{2830F337-A7A3-4A68-87AC-64F3AA79C70B}"
EndProject
Project("{FAE04EC0-301F-11D3-BF4B-00C04F79EFBC}") = "NOR", "CrypPlugins\NOR\NOR.csproj", "{A5D24F5A-DBA3-4952-BB53-64957FE418C1}"
EndProject
Project("{FAE04EC0-301F-11D3-BF4B-00C04F79EFBC}") = "WEP", "CrypPlugins\WEP\WEP\WEP.csproj", "{0798D3DB-9F45-4CA8-8592-23F063C45CB4}"
EndProject
Project("{FAE04EC0-301F-11D3-BF4B-00C04F79EFBC}") = "WEPAttacks", "CrypPlugins\WEPAttacks\WEPAttacks\WEPAttacks.csproj", "{270EDC38-25CA-483E-A2EC-1CD158F81387}"
EndProject
Project("{FAE04EC0-301F-11D3-BF4B-00C04F79EFBC}") = "Internet_frame_generator", "CrypPlugins\Internet_frame_generator\Internet_frame_generator\Internet_frame_generator.csproj", "{A42A026A-CE2F-421D-BE46-93E659485A9C}"
EndProject
Project("{FAE04EC0-301F-11D3-BF4B-00C04F79EFBC}") = "PKCS5", "CrypPlugins\PKCS5\PKCS5.csproj", "{80200C92-77FC-4508-B520-D51530BE2608}"
EndProject
Project("{2150E333-8FDC-42A3-9474-1A3956D46DE8}") = "Solution Items", "Solution Items", "{B2A0D8D8-D323-47A2-9C45-78EADE3A2297}"
	ProjectSection(SolutionItems) = preProject
		CrypTool 2.0.vsmdi = CrypTool 2.0.vsmdi
	EndProjectSection
EndProject
Project("{FAE04EC0-301F-11D3-BF4B-00C04F79EFBC}") = "DevTestMethods", "DevTestMethods\DevTestMethods.csproj", "{F4CCBE43-F19E-49A1-982E-B66919F5D701}"
EndProject
Project("{FAE04EC0-301F-11D3-BF4B-00C04F79EFBC}") = "FrequencyTest", "CrypPlugins\FrequencyTest\FrequencyTest.csproj", "{BBE9497C-4AE2-4493-A611-DEBB37DFBBC8}"
EndProject
Project("{FAE04EC0-301F-11D3-BF4B-00C04F79EFBC}") = "FriedmanTest", "CrypPlugins\FriedmanTest\FriedmanTest.csproj", "{CA939946-8E20-40F0-946A-8C637B0BB593}"
EndProject
Project("{FAE04EC0-301F-11D3-BF4B-00C04F79EFBC}") = "KasiskiTest", "CrypPlugins\KasiskiTest\KasiskiTest.csproj", "{5A1D2545-AAC1-43BF-9632-517C58FC1781}"
EndProject
Project("{FAE04EC0-301F-11D3-BF4B-00C04F79EFBC}") = "Whirlpool", "CrypPlugins\Whirlpool\Whirlpool.csproj", "{3A68ECB5-6074-4A8D-A6BD-2413C5A4B243}"
EndProject
Project("{FAE04EC0-301F-11D3-BF4B-00C04F79EFBC}") = "Tiger", "CrypPlugins\Tiger\Tiger.csproj", "{67C393B3-1FC5-4B3D-A42B-2455B5DF4C31}"
EndProject
Project("{FAE04EC0-301F-11D3-BF4B-00C04F79EFBC}") = "SSCext", "SSCext\SSCext.csproj", "{E46A6AA6-56EE-4AE5-8725-DCD07DC95527}"
EndProject
Project("{FAE04EC0-301F-11D3-BF4B-00C04F79EFBC}") = "SmartCard", "CrypPlugins\SmartCard\SmartCard.csproj", "{4E2D7D54-2C6B-46E2-ACFA-BDA517679AE1}"
EndProject
Project("{FAE04EC0-301F-11D3-BF4B-00C04F79EFBC}") = "SmartInterpreter", "CrypPlugins\SmartInterpreter\SmartInterpreter.csproj", "{7520A48F-E118-44C7-935F-2FC9A80D1181}"
EndProject
Project("{FAE04EC0-301F-11D3-BF4B-00C04F79EFBC}") = "Twofish", "CrypPlugins\Twofish\Twofish.csproj", "{B2F7104B-C302-409A-B6C7-3A74B6E5C5A1}"
EndProject
Project("{FAE04EC0-301F-11D3-BF4B-00C04F79EFBC}") = "CaesarAnalysisHelper", "CrypPlugins\CaesarAnalysisHelper\CaesarAnalysisHelper.csproj", "{F8150D58-1AD6-4411-AF27-FC8578D24C73}"
	ProjectSection(ProjectDependencies) = postProject
		{25DB2B47-A457-4EC2-960B-395CE07AE093} = {25DB2B47-A457-4EC2-960B-395CE07AE093}
	EndProjectSection
EndProject
Project("{FAE04EC0-301F-11D3-BF4B-00C04F79EFBC}") = "ScyTale", "CrypPlugins\ScyTale\ScyTale.csproj", "{56617BC2-3504-410C-AB98-E551EFCE4E3D}"
EndProject
Project("{8BC9CEB9-8B4A-11D0-8D11-00A0C91BC942}") = "CrypWin.exe", "CrypWin\bin\Debug\CrypWin.exe", "{45D0BFE5-C915-4453-BF3D-9101A8A3D0C4}"
EndProject
Global
	GlobalSection(SolutionConfigurationPlatforms) = preSolution
		Debug|.NET = Debug|.NET
		Debug|Any CPU = Debug|Any CPU
		Debug|Mixed Platforms = Debug|Mixed Platforms
		Release|.NET = Release|.NET
		Release|Any CPU = Release|Any CPU
		Release|Mixed Platforms = Release|Mixed Platforms
	EndGlobalSection
	GlobalSection(ProjectConfigurationPlatforms) = postSolution
		{25DB2B47-A457-4EC2-960B-395CE07AE093}.Debug|.NET.ActiveCfg = Debug|Any CPU
		{25DB2B47-A457-4EC2-960B-395CE07AE093}.Debug|Any CPU.ActiveCfg = Debug|Any CPU
		{25DB2B47-A457-4EC2-960B-395CE07AE093}.Debug|Any CPU.Build.0 = Debug|Any CPU
		{25DB2B47-A457-4EC2-960B-395CE07AE093}.Debug|Mixed Platforms.ActiveCfg = Debug|Any CPU
		{25DB2B47-A457-4EC2-960B-395CE07AE093}.Debug|Mixed Platforms.Build.0 = Debug|Any CPU
		{25DB2B47-A457-4EC2-960B-395CE07AE093}.Release|.NET.ActiveCfg = Release|Any CPU
		{25DB2B47-A457-4EC2-960B-395CE07AE093}.Release|Any CPU.ActiveCfg = Release|Any CPU
		{25DB2B47-A457-4EC2-960B-395CE07AE093}.Release|Any CPU.Build.0 = Release|Any CPU
		{25DB2B47-A457-4EC2-960B-395CE07AE093}.Release|Mixed Platforms.ActiveCfg = Release|Any CPU
		{25DB2B47-A457-4EC2-960B-395CE07AE093}.Release|Mixed Platforms.Build.0 = Release|Any CPU
		{FF5D473C-0716-4D3E-9078-2EBD979F94C6}.Debug|.NET.ActiveCfg = Debug|Any CPU
		{FF5D473C-0716-4D3E-9078-2EBD979F94C6}.Debug|Any CPU.ActiveCfg = Debug|Any CPU
		{FF5D473C-0716-4D3E-9078-2EBD979F94C6}.Debug|Any CPU.Build.0 = Debug|Any CPU
		{FF5D473C-0716-4D3E-9078-2EBD979F94C6}.Debug|Mixed Platforms.ActiveCfg = Debug|Any CPU
		{FF5D473C-0716-4D3E-9078-2EBD979F94C6}.Debug|Mixed Platforms.Build.0 = Debug|Any CPU
		{FF5D473C-0716-4D3E-9078-2EBD979F94C6}.Release|.NET.ActiveCfg = Release|Any CPU
		{FF5D473C-0716-4D3E-9078-2EBD979F94C6}.Release|Any CPU.ActiveCfg = Release|Any CPU
		{FF5D473C-0716-4D3E-9078-2EBD979F94C6}.Release|Any CPU.Build.0 = Release|Any CPU
		{FF5D473C-0716-4D3E-9078-2EBD979F94C6}.Release|Mixed Platforms.ActiveCfg = Release|Any CPU
		{FF5D473C-0716-4D3E-9078-2EBD979F94C6}.Release|Mixed Platforms.Build.0 = Release|Any CPU
		{475E8850-4D82-4C5E-AD19-5FDA82BC7576}.Debug|.NET.ActiveCfg = Debug|Any CPU
		{475E8850-4D82-4C5E-AD19-5FDA82BC7576}.Debug|Any CPU.ActiveCfg = Debug|Any CPU
		{475E8850-4D82-4C5E-AD19-5FDA82BC7576}.Debug|Any CPU.Build.0 = Debug|Any CPU
		{475E8850-4D82-4C5E-AD19-5FDA82BC7576}.Debug|Mixed Platforms.ActiveCfg = Debug|Any CPU
		{475E8850-4D82-4C5E-AD19-5FDA82BC7576}.Debug|Mixed Platforms.Build.0 = Debug|Any CPU
		{475E8850-4D82-4C5E-AD19-5FDA82BC7576}.Release|.NET.ActiveCfg = Release|Any CPU
		{475E8850-4D82-4C5E-AD19-5FDA82BC7576}.Release|Any CPU.ActiveCfg = Release|Any CPU
		{475E8850-4D82-4C5E-AD19-5FDA82BC7576}.Release|Any CPU.Build.0 = Release|Any CPU
		{475E8850-4D82-4C5E-AD19-5FDA82BC7576}.Release|Mixed Platforms.ActiveCfg = Release|Any CPU
		{475E8850-4D82-4C5E-AD19-5FDA82BC7576}.Release|Mixed Platforms.Build.0 = Release|Any CPU
		{AFBEAA94-3998-4C4A-805F-670ECF12029E}.Debug|.NET.ActiveCfg = Debug|Any CPU
		{AFBEAA94-3998-4C4A-805F-670ECF12029E}.Debug|Any CPU.ActiveCfg = Debug|Any CPU
		{AFBEAA94-3998-4C4A-805F-670ECF12029E}.Debug|Any CPU.Build.0 = Debug|Any CPU
		{AFBEAA94-3998-4C4A-805F-670ECF12029E}.Debug|Mixed Platforms.ActiveCfg = Debug|Any CPU
		{AFBEAA94-3998-4C4A-805F-670ECF12029E}.Debug|Mixed Platforms.Build.0 = Debug|Any CPU
		{AFBEAA94-3998-4C4A-805F-670ECF12029E}.Release|.NET.ActiveCfg = Release|Any CPU
		{AFBEAA94-3998-4C4A-805F-670ECF12029E}.Release|Any CPU.ActiveCfg = Release|Any CPU
		{AFBEAA94-3998-4C4A-805F-670ECF12029E}.Release|Any CPU.Build.0 = Release|Any CPU
		{AFBEAA94-3998-4C4A-805F-670ECF12029E}.Release|Mixed Platforms.ActiveCfg = Release|Any CPU
		{AFBEAA94-3998-4C4A-805F-670ECF12029E}.Release|Mixed Platforms.Build.0 = Release|Any CPU
		{C867D829-43FC-429D-A68D-B969D627CE3C}.Debug|.NET.ActiveCfg = Debug|Any CPU
		{C867D829-43FC-429D-A68D-B969D627CE3C}.Debug|Any CPU.ActiveCfg = Debug|Any CPU
		{C867D829-43FC-429D-A68D-B969D627CE3C}.Debug|Any CPU.Build.0 = Debug|Any CPU
		{C867D829-43FC-429D-A68D-B969D627CE3C}.Debug|Mixed Platforms.ActiveCfg = Debug|Any CPU
		{C867D829-43FC-429D-A68D-B969D627CE3C}.Debug|Mixed Platforms.Build.0 = Debug|Any CPU
		{C867D829-43FC-429D-A68D-B969D627CE3C}.Release|.NET.ActiveCfg = Release|Any CPU
		{C867D829-43FC-429D-A68D-B969D627CE3C}.Release|Any CPU.ActiveCfg = Release|Any CPU
		{C867D829-43FC-429D-A68D-B969D627CE3C}.Release|Any CPU.Build.0 = Release|Any CPU
		{C867D829-43FC-429D-A68D-B969D627CE3C}.Release|Mixed Platforms.ActiveCfg = Release|Any CPU
		{C867D829-43FC-429D-A68D-B969D627CE3C}.Release|Mixed Platforms.Build.0 = Release|Any CPU
		{A5529873-06EA-4E38-8B99-5ABD84B20446}.Debug|.NET.ActiveCfg = Debug|Any CPU
		{A5529873-06EA-4E38-8B99-5ABD84B20446}.Debug|Any CPU.ActiveCfg = Debug|Any CPU
		{A5529873-06EA-4E38-8B99-5ABD84B20446}.Debug|Any CPU.Build.0 = Debug|Any CPU
		{A5529873-06EA-4E38-8B99-5ABD84B20446}.Debug|Mixed Platforms.ActiveCfg = Debug|Any CPU
		{A5529873-06EA-4E38-8B99-5ABD84B20446}.Debug|Mixed Platforms.Build.0 = Debug|Any CPU
		{A5529873-06EA-4E38-8B99-5ABD84B20446}.Release|.NET.ActiveCfg = Release|Any CPU
		{A5529873-06EA-4E38-8B99-5ABD84B20446}.Release|Any CPU.ActiveCfg = Release|Any CPU
		{A5529873-06EA-4E38-8B99-5ABD84B20446}.Release|Any CPU.Build.0 = Release|Any CPU
		{A5529873-06EA-4E38-8B99-5ABD84B20446}.Release|Mixed Platforms.ActiveCfg = Release|Any CPU
		{A5529873-06EA-4E38-8B99-5ABD84B20446}.Release|Mixed Platforms.Build.0 = Release|Any CPU
		{571529E4-A474-47BD-810E-0C8434A76711}.Debug|.NET.ActiveCfg = Debug|Any CPU
		{571529E4-A474-47BD-810E-0C8434A76711}.Debug|Any CPU.ActiveCfg = Debug|Any CPU
		{571529E4-A474-47BD-810E-0C8434A76711}.Debug|Any CPU.Build.0 = Debug|Any CPU
		{571529E4-A474-47BD-810E-0C8434A76711}.Debug|Mixed Platforms.ActiveCfg = Debug|Any CPU
		{571529E4-A474-47BD-810E-0C8434A76711}.Debug|Mixed Platforms.Build.0 = Debug|Any CPU
		{571529E4-A474-47BD-810E-0C8434A76711}.Release|.NET.ActiveCfg = Release|Any CPU
		{571529E4-A474-47BD-810E-0C8434A76711}.Release|Any CPU.ActiveCfg = Release|Any CPU
		{571529E4-A474-47BD-810E-0C8434A76711}.Release|Any CPU.Build.0 = Release|Any CPU
		{571529E4-A474-47BD-810E-0C8434A76711}.Release|Mixed Platforms.ActiveCfg = Release|Any CPU
		{571529E4-A474-47BD-810E-0C8434A76711}.Release|Mixed Platforms.Build.0 = Release|Any CPU
		{2A81A3B2-ABC0-4850-9C89-3830AD07FD6B}.Debug|.NET.ActiveCfg = Debug|Any CPU
		{2A81A3B2-ABC0-4850-9C89-3830AD07FD6B}.Debug|Any CPU.ActiveCfg = Debug|Any CPU
		{2A81A3B2-ABC0-4850-9C89-3830AD07FD6B}.Debug|Any CPU.Build.0 = Debug|Any CPU
		{2A81A3B2-ABC0-4850-9C89-3830AD07FD6B}.Debug|Mixed Platforms.ActiveCfg = Debug|Any CPU
		{2A81A3B2-ABC0-4850-9C89-3830AD07FD6B}.Debug|Mixed Platforms.Build.0 = Debug|Any CPU
		{2A81A3B2-ABC0-4850-9C89-3830AD07FD6B}.Release|.NET.ActiveCfg = Release|Any CPU
		{2A81A3B2-ABC0-4850-9C89-3830AD07FD6B}.Release|Any CPU.ActiveCfg = Release|Any CPU
		{2A81A3B2-ABC0-4850-9C89-3830AD07FD6B}.Release|Any CPU.Build.0 = Release|Any CPU
		{2A81A3B2-ABC0-4850-9C89-3830AD07FD6B}.Release|Mixed Platforms.ActiveCfg = Release|Any CPU
		{2A81A3B2-ABC0-4850-9C89-3830AD07FD6B}.Release|Mixed Platforms.Build.0 = Release|Any CPU
		{1137719A-7468-4DEF-84B1-77AB82049656}.Debug|.NET.ActiveCfg = Debug|Any CPU
		{1137719A-7468-4DEF-84B1-77AB82049656}.Debug|Any CPU.ActiveCfg = Debug|Any CPU
		{1137719A-7468-4DEF-84B1-77AB82049656}.Debug|Any CPU.Build.0 = Debug|Any CPU
		{1137719A-7468-4DEF-84B1-77AB82049656}.Debug|Mixed Platforms.ActiveCfg = Debug|Any CPU
		{1137719A-7468-4DEF-84B1-77AB82049656}.Debug|Mixed Platforms.Build.0 = Debug|Any CPU
		{1137719A-7468-4DEF-84B1-77AB82049656}.Release|.NET.ActiveCfg = Release|Any CPU
		{1137719A-7468-4DEF-84B1-77AB82049656}.Release|Any CPU.ActiveCfg = Release|Any CPU
		{1137719A-7468-4DEF-84B1-77AB82049656}.Release|Any CPU.Build.0 = Release|Any CPU
		{1137719A-7468-4DEF-84B1-77AB82049656}.Release|Mixed Platforms.ActiveCfg = Release|Any CPU
		{1137719A-7468-4DEF-84B1-77AB82049656}.Release|Mixed Platforms.Build.0 = Release|Any CPU
		{443FE8F7-03CC-4D37-BC7C-8E212C68A89E}.Debug|.NET.ActiveCfg = Debug|Any CPU
		{443FE8F7-03CC-4D37-BC7C-8E212C68A89E}.Debug|Any CPU.ActiveCfg = Debug|Any CPU
		{443FE8F7-03CC-4D37-BC7C-8E212C68A89E}.Debug|Any CPU.Build.0 = Debug|Any CPU
		{443FE8F7-03CC-4D37-BC7C-8E212C68A89E}.Debug|Mixed Platforms.ActiveCfg = Debug|Any CPU
		{443FE8F7-03CC-4D37-BC7C-8E212C68A89E}.Debug|Mixed Platforms.Build.0 = Debug|Any CPU
		{443FE8F7-03CC-4D37-BC7C-8E212C68A89E}.Release|.NET.ActiveCfg = Release|Any CPU
		{443FE8F7-03CC-4D37-BC7C-8E212C68A89E}.Release|Any CPU.ActiveCfg = Release|Any CPU
		{443FE8F7-03CC-4D37-BC7C-8E212C68A89E}.Release|Any CPU.Build.0 = Release|Any CPU
		{443FE8F7-03CC-4D37-BC7C-8E212C68A89E}.Release|Mixed Platforms.ActiveCfg = Release|Any CPU
		{443FE8F7-03CC-4D37-BC7C-8E212C68A89E}.Release|Mixed Platforms.Build.0 = Release|Any CPU
		{4019990F-8D4E-4981-937C-6780D4395241}.Debug|.NET.ActiveCfg = Debug|Any CPU
		{4019990F-8D4E-4981-937C-6780D4395241}.Debug|Any CPU.ActiveCfg = Debug|Any CPU
		{4019990F-8D4E-4981-937C-6780D4395241}.Debug|Any CPU.Build.0 = Debug|Any CPU
		{4019990F-8D4E-4981-937C-6780D4395241}.Debug|Mixed Platforms.ActiveCfg = Debug|Any CPU
		{4019990F-8D4E-4981-937C-6780D4395241}.Debug|Mixed Platforms.Build.0 = Debug|Any CPU
		{4019990F-8D4E-4981-937C-6780D4395241}.Release|.NET.ActiveCfg = Release|Any CPU
		{4019990F-8D4E-4981-937C-6780D4395241}.Release|Any CPU.ActiveCfg = Release|Any CPU
		{4019990F-8D4E-4981-937C-6780D4395241}.Release|Any CPU.Build.0 = Release|Any CPU
		{4019990F-8D4E-4981-937C-6780D4395241}.Release|Mixed Platforms.ActiveCfg = Release|Any CPU
		{4019990F-8D4E-4981-937C-6780D4395241}.Release|Mixed Platforms.Build.0 = Release|Any CPU
		{77EE0460-29E8-4227-A874-DECA9985BC64}.Debug|.NET.ActiveCfg = Debug|Any CPU
		{77EE0460-29E8-4227-A874-DECA9985BC64}.Debug|Any CPU.ActiveCfg = Debug|Any CPU
		{77EE0460-29E8-4227-A874-DECA9985BC64}.Debug|Any CPU.Build.0 = Debug|Any CPU
		{77EE0460-29E8-4227-A874-DECA9985BC64}.Debug|Mixed Platforms.ActiveCfg = Debug|Any CPU
		{77EE0460-29E8-4227-A874-DECA9985BC64}.Debug|Mixed Platforms.Build.0 = Debug|Any CPU
		{77EE0460-29E8-4227-A874-DECA9985BC64}.Release|.NET.ActiveCfg = Release|Any CPU
		{77EE0460-29E8-4227-A874-DECA9985BC64}.Release|Any CPU.ActiveCfg = Release|Any CPU
		{77EE0460-29E8-4227-A874-DECA9985BC64}.Release|Any CPU.Build.0 = Release|Any CPU
		{77EE0460-29E8-4227-A874-DECA9985BC64}.Release|Mixed Platforms.ActiveCfg = Release|Any CPU
		{77EE0460-29E8-4227-A874-DECA9985BC64}.Release|Mixed Platforms.Build.0 = Release|Any CPU
		{D0693215-9A47-414B-BD99-1BE37C42EABB}.Debug|.NET.ActiveCfg = Debug|Any CPU
		{D0693215-9A47-414B-BD99-1BE37C42EABB}.Debug|Any CPU.ActiveCfg = Debug|Any CPU
		{D0693215-9A47-414B-BD99-1BE37C42EABB}.Debug|Any CPU.Build.0 = Debug|Any CPU
		{D0693215-9A47-414B-BD99-1BE37C42EABB}.Debug|Mixed Platforms.ActiveCfg = Debug|Any CPU
		{D0693215-9A47-414B-BD99-1BE37C42EABB}.Debug|Mixed Platforms.Build.0 = Debug|Any CPU
		{D0693215-9A47-414B-BD99-1BE37C42EABB}.Release|.NET.ActiveCfg = Release|Any CPU
		{D0693215-9A47-414B-BD99-1BE37C42EABB}.Release|Any CPU.ActiveCfg = Release|Any CPU
		{D0693215-9A47-414B-BD99-1BE37C42EABB}.Release|Any CPU.Build.0 = Release|Any CPU
		{D0693215-9A47-414B-BD99-1BE37C42EABB}.Release|Mixed Platforms.ActiveCfg = Release|Any CPU
		{D0693215-9A47-414B-BD99-1BE37C42EABB}.Release|Mixed Platforms.Build.0 = Release|Any CPU
		{9EA9DD0F-D50D-49CB-BA86-10EF2FD7512A}.Debug|.NET.ActiveCfg = Debug|Any CPU
		{9EA9DD0F-D50D-49CB-BA86-10EF2FD7512A}.Debug|Any CPU.ActiveCfg = Debug|Any CPU
		{9EA9DD0F-D50D-49CB-BA86-10EF2FD7512A}.Debug|Any CPU.Build.0 = Debug|Any CPU
		{9EA9DD0F-D50D-49CB-BA86-10EF2FD7512A}.Debug|Mixed Platforms.ActiveCfg = Debug|Any CPU
		{9EA9DD0F-D50D-49CB-BA86-10EF2FD7512A}.Debug|Mixed Platforms.Build.0 = Debug|Any CPU
		{9EA9DD0F-D50D-49CB-BA86-10EF2FD7512A}.Release|.NET.ActiveCfg = Release|Any CPU
		{9EA9DD0F-D50D-49CB-BA86-10EF2FD7512A}.Release|Any CPU.ActiveCfg = Release|Any CPU
		{9EA9DD0F-D50D-49CB-BA86-10EF2FD7512A}.Release|Any CPU.Build.0 = Release|Any CPU
		{9EA9DD0F-D50D-49CB-BA86-10EF2FD7512A}.Release|Mixed Platforms.ActiveCfg = Release|Any CPU
		{9EA9DD0F-D50D-49CB-BA86-10EF2FD7512A}.Release|Mixed Platforms.Build.0 = Release|Any CPU
		{BBDE8372-1DF7-45B4-A2AB-EA47FF52376D}.Debug|.NET.ActiveCfg = Debug|Any CPU
		{BBDE8372-1DF7-45B4-A2AB-EA47FF52376D}.Debug|Any CPU.ActiveCfg = Debug|Any CPU
		{BBDE8372-1DF7-45B4-A2AB-EA47FF52376D}.Debug|Any CPU.Build.0 = Debug|Any CPU
		{BBDE8372-1DF7-45B4-A2AB-EA47FF52376D}.Debug|Mixed Platforms.ActiveCfg = Debug|Any CPU
		{BBDE8372-1DF7-45B4-A2AB-EA47FF52376D}.Debug|Mixed Platforms.Build.0 = Debug|Any CPU
		{BBDE8372-1DF7-45B4-A2AB-EA47FF52376D}.Release|.NET.ActiveCfg = Release|Any CPU
		{BBDE8372-1DF7-45B4-A2AB-EA47FF52376D}.Release|Any CPU.ActiveCfg = Release|Any CPU
		{BBDE8372-1DF7-45B4-A2AB-EA47FF52376D}.Release|Any CPU.Build.0 = Release|Any CPU
		{BBDE8372-1DF7-45B4-A2AB-EA47FF52376D}.Release|Mixed Platforms.ActiveCfg = Release|Any CPU
		{BBDE8372-1DF7-45B4-A2AB-EA47FF52376D}.Release|Mixed Platforms.Build.0 = Release|Any CPU
		{55E20598-2415-474B-BDD7-4BE042C0CCA8}.Debug|.NET.ActiveCfg = Debug|Any CPU
		{55E20598-2415-474B-BDD7-4BE042C0CCA8}.Debug|Any CPU.ActiveCfg = Debug|Any CPU
		{55E20598-2415-474B-BDD7-4BE042C0CCA8}.Debug|Any CPU.Build.0 = Debug|Any CPU
		{55E20598-2415-474B-BDD7-4BE042C0CCA8}.Debug|Mixed Platforms.ActiveCfg = Debug|Any CPU
		{55E20598-2415-474B-BDD7-4BE042C0CCA8}.Debug|Mixed Platforms.Build.0 = Debug|Any CPU
		{55E20598-2415-474B-BDD7-4BE042C0CCA8}.Release|.NET.ActiveCfg = Release|Any CPU
		{55E20598-2415-474B-BDD7-4BE042C0CCA8}.Release|Any CPU.ActiveCfg = Release|Any CPU
		{55E20598-2415-474B-BDD7-4BE042C0CCA8}.Release|Any CPU.Build.0 = Release|Any CPU
		{55E20598-2415-474B-BDD7-4BE042C0CCA8}.Release|Mixed Platforms.ActiveCfg = Release|Any CPU
		{55E20598-2415-474B-BDD7-4BE042C0CCA8}.Release|Mixed Platforms.Build.0 = Release|Any CPU
		{3AA1DE4E-A8E8-4858-A833-D7F4B771DD8F}.Debug|.NET.ActiveCfg = Debug|Any CPU
		{3AA1DE4E-A8E8-4858-A833-D7F4B771DD8F}.Debug|Any CPU.ActiveCfg = Debug|Any CPU
		{3AA1DE4E-A8E8-4858-A833-D7F4B771DD8F}.Debug|Any CPU.Build.0 = Debug|Any CPU
		{3AA1DE4E-A8E8-4858-A833-D7F4B771DD8F}.Debug|Mixed Platforms.ActiveCfg = Debug|Any CPU
		{3AA1DE4E-A8E8-4858-A833-D7F4B771DD8F}.Debug|Mixed Platforms.Build.0 = Debug|Any CPU
		{3AA1DE4E-A8E8-4858-A833-D7F4B771DD8F}.Release|.NET.ActiveCfg = Release|Any CPU
		{3AA1DE4E-A8E8-4858-A833-D7F4B771DD8F}.Release|Any CPU.ActiveCfg = Release|Any CPU
		{3AA1DE4E-A8E8-4858-A833-D7F4B771DD8F}.Release|Any CPU.Build.0 = Release|Any CPU
		{3AA1DE4E-A8E8-4858-A833-D7F4B771DD8F}.Release|Mixed Platforms.ActiveCfg = Release|Any CPU
		{3AA1DE4E-A8E8-4858-A833-D7F4B771DD8F}.Release|Mixed Platforms.Build.0 = Release|Any CPU
		{C5325D3D-C78B-4294-8CF6-B29E3B64C5F9}.Debug|.NET.ActiveCfg = Debug|Any CPU
		{C5325D3D-C78B-4294-8CF6-B29E3B64C5F9}.Debug|Any CPU.ActiveCfg = Debug|Any CPU
		{C5325D3D-C78B-4294-8CF6-B29E3B64C5F9}.Debug|Any CPU.Build.0 = Debug|Any CPU
		{C5325D3D-C78B-4294-8CF6-B29E3B64C5F9}.Debug|Mixed Platforms.ActiveCfg = Debug|Any CPU
		{C5325D3D-C78B-4294-8CF6-B29E3B64C5F9}.Debug|Mixed Platforms.Build.0 = Debug|Any CPU
		{C5325D3D-C78B-4294-8CF6-B29E3B64C5F9}.Release|.NET.ActiveCfg = Release|Any CPU
		{C5325D3D-C78B-4294-8CF6-B29E3B64C5F9}.Release|Any CPU.ActiveCfg = Release|Any CPU
		{C5325D3D-C78B-4294-8CF6-B29E3B64C5F9}.Release|Any CPU.Build.0 = Release|Any CPU
		{C5325D3D-C78B-4294-8CF6-B29E3B64C5F9}.Release|Mixed Platforms.ActiveCfg = Release|Any CPU
		{C5325D3D-C78B-4294-8CF6-B29E3B64C5F9}.Release|Mixed Platforms.Build.0 = Release|Any CPU
		{24E7548E-C0B7-49AD-9A23-C1331B893E96}.Debug|.NET.ActiveCfg = Debug|Any CPU
		{24E7548E-C0B7-49AD-9A23-C1331B893E96}.Debug|Any CPU.ActiveCfg = Debug|Any CPU
		{24E7548E-C0B7-49AD-9A23-C1331B893E96}.Debug|Any CPU.Build.0 = Debug|Any CPU
		{24E7548E-C0B7-49AD-9A23-C1331B893E96}.Debug|Mixed Platforms.ActiveCfg = Debug|Any CPU
		{24E7548E-C0B7-49AD-9A23-C1331B893E96}.Debug|Mixed Platforms.Build.0 = Debug|Any CPU
		{24E7548E-C0B7-49AD-9A23-C1331B893E96}.Release|.NET.ActiveCfg = Release|Any CPU
		{24E7548E-C0B7-49AD-9A23-C1331B893E96}.Release|Any CPU.ActiveCfg = Release|Any CPU
		{24E7548E-C0B7-49AD-9A23-C1331B893E96}.Release|Any CPU.Build.0 = Release|Any CPU
		{24E7548E-C0B7-49AD-9A23-C1331B893E96}.Release|Mixed Platforms.ActiveCfg = Release|Any CPU
		{24E7548E-C0B7-49AD-9A23-C1331B893E96}.Release|Mixed Platforms.Build.0 = Release|Any CPU
		{C7C03D54-9D6D-458E-B538-19F4CD31841E}.Debug|.NET.ActiveCfg = Debug|Any CPU
		{C7C03D54-9D6D-458E-B538-19F4CD31841E}.Debug|Any CPU.ActiveCfg = Debug|Any CPU
		{C7C03D54-9D6D-458E-B538-19F4CD31841E}.Debug|Any CPU.Build.0 = Debug|Any CPU
		{C7C03D54-9D6D-458E-B538-19F4CD31841E}.Debug|Mixed Platforms.ActiveCfg = Debug|Any CPU
		{C7C03D54-9D6D-458E-B538-19F4CD31841E}.Debug|Mixed Platforms.Build.0 = Debug|Any CPU
		{C7C03D54-9D6D-458E-B538-19F4CD31841E}.Release|.NET.ActiveCfg = Release|Any CPU
		{C7C03D54-9D6D-458E-B538-19F4CD31841E}.Release|Any CPU.ActiveCfg = Release|Any CPU
		{C7C03D54-9D6D-458E-B538-19F4CD31841E}.Release|Any CPU.Build.0 = Release|Any CPU
		{C7C03D54-9D6D-458E-B538-19F4CD31841E}.Release|Mixed Platforms.ActiveCfg = Release|Any CPU
		{C7C03D54-9D6D-458E-B538-19F4CD31841E}.Release|Mixed Platforms.Build.0 = Release|Any CPU
		{2BBA5775-A0F2-4846-BC88-46BE3B0F38B1}.Debug|.NET.ActiveCfg = Debug|Any CPU
		{2BBA5775-A0F2-4846-BC88-46BE3B0F38B1}.Debug|Any CPU.ActiveCfg = Debug|Any CPU
		{2BBA5775-A0F2-4846-BC88-46BE3B0F38B1}.Debug|Any CPU.Build.0 = Debug|Any CPU
		{2BBA5775-A0F2-4846-BC88-46BE3B0F38B1}.Debug|Mixed Platforms.ActiveCfg = Debug|Any CPU
		{2BBA5775-A0F2-4846-BC88-46BE3B0F38B1}.Debug|Mixed Platforms.Build.0 = Debug|Any CPU
		{2BBA5775-A0F2-4846-BC88-46BE3B0F38B1}.Release|.NET.ActiveCfg = Release|Any CPU
		{2BBA5775-A0F2-4846-BC88-46BE3B0F38B1}.Release|Any CPU.ActiveCfg = Release|Any CPU
		{2BBA5775-A0F2-4846-BC88-46BE3B0F38B1}.Release|Any CPU.Build.0 = Release|Any CPU
		{2BBA5775-A0F2-4846-BC88-46BE3B0F38B1}.Release|Mixed Platforms.ActiveCfg = Release|Any CPU
		{2BBA5775-A0F2-4846-BC88-46BE3B0F38B1}.Release|Mixed Platforms.Build.0 = Release|Any CPU
		{CFD7EBCC-F00B-40E5-A1B7-504337953B89}.Debug|.NET.ActiveCfg = Debug|Any CPU
		{CFD7EBCC-F00B-40E5-A1B7-504337953B89}.Debug|Any CPU.ActiveCfg = Debug|Any CPU
		{CFD7EBCC-F00B-40E5-A1B7-504337953B89}.Debug|Any CPU.Build.0 = Debug|Any CPU
		{CFD7EBCC-F00B-40E5-A1B7-504337953B89}.Debug|Mixed Platforms.ActiveCfg = Debug|Any CPU
		{CFD7EBCC-F00B-40E5-A1B7-504337953B89}.Debug|Mixed Platforms.Build.0 = Debug|Any CPU
		{CFD7EBCC-F00B-40E5-A1B7-504337953B89}.Release|.NET.ActiveCfg = Release|Any CPU
		{CFD7EBCC-F00B-40E5-A1B7-504337953B89}.Release|Any CPU.ActiveCfg = Release|Any CPU
		{CFD7EBCC-F00B-40E5-A1B7-504337953B89}.Release|Any CPU.Build.0 = Release|Any CPU
		{CFD7EBCC-F00B-40E5-A1B7-504337953B89}.Release|Mixed Platforms.ActiveCfg = Release|Any CPU
		{CFD7EBCC-F00B-40E5-A1B7-504337953B89}.Release|Mixed Platforms.Build.0 = Release|Any CPU
		{AB072143-0ECF-403C-BB69-E7AEEC4528F9}.Debug|.NET.ActiveCfg = Debug|Any CPU
		{AB072143-0ECF-403C-BB69-E7AEEC4528F9}.Debug|Any CPU.ActiveCfg = Debug|Any CPU
		{AB072143-0ECF-403C-BB69-E7AEEC4528F9}.Debug|Any CPU.Build.0 = Debug|Any CPU
		{AB072143-0ECF-403C-BB69-E7AEEC4528F9}.Debug|Mixed Platforms.ActiveCfg = Debug|Any CPU
		{AB072143-0ECF-403C-BB69-E7AEEC4528F9}.Debug|Mixed Platforms.Build.0 = Debug|Any CPU
		{AB072143-0ECF-403C-BB69-E7AEEC4528F9}.Release|.NET.ActiveCfg = Release|Any CPU
		{AB072143-0ECF-403C-BB69-E7AEEC4528F9}.Release|Any CPU.ActiveCfg = Release|Any CPU
		{AB072143-0ECF-403C-BB69-E7AEEC4528F9}.Release|Any CPU.Build.0 = Release|Any CPU
		{AB072143-0ECF-403C-BB69-E7AEEC4528F9}.Release|Mixed Platforms.ActiveCfg = Release|Any CPU
		{AB072143-0ECF-403C-BB69-E7AEEC4528F9}.Release|Mixed Platforms.Build.0 = Release|Any CPU
		{75795A85-9C0D-4E83-9D75-E940117CDF20}.Debug|.NET.ActiveCfg = Debug|Any CPU
		{75795A85-9C0D-4E83-9D75-E940117CDF20}.Debug|Any CPU.ActiveCfg = Debug|Any CPU
		{75795A85-9C0D-4E83-9D75-E940117CDF20}.Debug|Any CPU.Build.0 = Debug|Any CPU
		{75795A85-9C0D-4E83-9D75-E940117CDF20}.Debug|Mixed Platforms.ActiveCfg = Debug|Any CPU
		{75795A85-9C0D-4E83-9D75-E940117CDF20}.Debug|Mixed Platforms.Build.0 = Debug|Any CPU
		{75795A85-9C0D-4E83-9D75-E940117CDF20}.Release|.NET.ActiveCfg = Release|Any CPU
		{75795A85-9C0D-4E83-9D75-E940117CDF20}.Release|Any CPU.ActiveCfg = Release|Any CPU
		{75795A85-9C0D-4E83-9D75-E940117CDF20}.Release|Any CPU.Build.0 = Release|Any CPU
		{75795A85-9C0D-4E83-9D75-E940117CDF20}.Release|Mixed Platforms.ActiveCfg = Release|Any CPU
		{75795A85-9C0D-4E83-9D75-E940117CDF20}.Release|Mixed Platforms.Build.0 = Release|Any CPU
		{84E0B32B-70EE-4033-A2B8-2F0B41043D3D}.Debug|.NET.ActiveCfg = Debug|Any CPU
		{84E0B32B-70EE-4033-A2B8-2F0B41043D3D}.Debug|Any CPU.ActiveCfg = Debug|Any CPU
		{84E0B32B-70EE-4033-A2B8-2F0B41043D3D}.Debug|Any CPU.Build.0 = Debug|Any CPU
		{84E0B32B-70EE-4033-A2B8-2F0B41043D3D}.Debug|Mixed Platforms.ActiveCfg = Debug|Any CPU
		{84E0B32B-70EE-4033-A2B8-2F0B41043D3D}.Debug|Mixed Platforms.Build.0 = Debug|Any CPU
		{84E0B32B-70EE-4033-A2B8-2F0B41043D3D}.Release|.NET.ActiveCfg = Release|Any CPU
		{84E0B32B-70EE-4033-A2B8-2F0B41043D3D}.Release|Any CPU.ActiveCfg = Release|Any CPU
		{84E0B32B-70EE-4033-A2B8-2F0B41043D3D}.Release|Any CPU.Build.0 = Release|Any CPU
		{84E0B32B-70EE-4033-A2B8-2F0B41043D3D}.Release|Mixed Platforms.ActiveCfg = Release|Any CPU
		{84E0B32B-70EE-4033-A2B8-2F0B41043D3D}.Release|Mixed Platforms.Build.0 = Release|Any CPU
		{5DA3E5DB-62B9-4621-AA69-56512BDECE7B}.Debug|.NET.ActiveCfg = Debug|Any CPU
		{5DA3E5DB-62B9-4621-AA69-56512BDECE7B}.Debug|Any CPU.ActiveCfg = Debug|Any CPU
		{5DA3E5DB-62B9-4621-AA69-56512BDECE7B}.Debug|Any CPU.Build.0 = Debug|Any CPU
		{5DA3E5DB-62B9-4621-AA69-56512BDECE7B}.Debug|Mixed Platforms.ActiveCfg = Debug|Any CPU
		{5DA3E5DB-62B9-4621-AA69-56512BDECE7B}.Debug|Mixed Platforms.Build.0 = Debug|Any CPU
		{5DA3E5DB-62B9-4621-AA69-56512BDECE7B}.Release|.NET.ActiveCfg = Release|Any CPU
		{5DA3E5DB-62B9-4621-AA69-56512BDECE7B}.Release|Any CPU.ActiveCfg = Release|Any CPU
		{5DA3E5DB-62B9-4621-AA69-56512BDECE7B}.Release|Any CPU.Build.0 = Release|Any CPU
		{5DA3E5DB-62B9-4621-AA69-56512BDECE7B}.Release|Mixed Platforms.ActiveCfg = Release|Any CPU
		{5DA3E5DB-62B9-4621-AA69-56512BDECE7B}.Release|Mixed Platforms.Build.0 = Release|Any CPU
		{3A4251D0-DAB0-4A1C-94A4-75BC2C2A5DEE}.Debug|.NET.ActiveCfg = Debug|Any CPU
		{3A4251D0-DAB0-4A1C-94A4-75BC2C2A5DEE}.Debug|Any CPU.ActiveCfg = Debug|Any CPU
		{3A4251D0-DAB0-4A1C-94A4-75BC2C2A5DEE}.Debug|Any CPU.Build.0 = Debug|Any CPU
		{3A4251D0-DAB0-4A1C-94A4-75BC2C2A5DEE}.Debug|Mixed Platforms.ActiveCfg = Debug|Any CPU
		{3A4251D0-DAB0-4A1C-94A4-75BC2C2A5DEE}.Debug|Mixed Platforms.Build.0 = Debug|Any CPU
		{3A4251D0-DAB0-4A1C-94A4-75BC2C2A5DEE}.Release|.NET.ActiveCfg = Release|Any CPU
		{3A4251D0-DAB0-4A1C-94A4-75BC2C2A5DEE}.Release|Any CPU.ActiveCfg = Release|Any CPU
		{3A4251D0-DAB0-4A1C-94A4-75BC2C2A5DEE}.Release|Any CPU.Build.0 = Release|Any CPU
		{3A4251D0-DAB0-4A1C-94A4-75BC2C2A5DEE}.Release|Mixed Platforms.ActiveCfg = Release|Any CPU
		{3A4251D0-DAB0-4A1C-94A4-75BC2C2A5DEE}.Release|Mixed Platforms.Build.0 = Release|Any CPU
		{A2AFDF98-2007-4B2B-A768-DCD6A03B6FEA}.Debug|.NET.ActiveCfg = Debug|Any CPU
		{A2AFDF98-2007-4B2B-A768-DCD6A03B6FEA}.Debug|Any CPU.ActiveCfg = Debug|Any CPU
		{A2AFDF98-2007-4B2B-A768-DCD6A03B6FEA}.Debug|Any CPU.Build.0 = Debug|Any CPU
		{A2AFDF98-2007-4B2B-A768-DCD6A03B6FEA}.Debug|Mixed Platforms.ActiveCfg = Debug|Any CPU
		{A2AFDF98-2007-4B2B-A768-DCD6A03B6FEA}.Debug|Mixed Platforms.Build.0 = Debug|Any CPU
		{A2AFDF98-2007-4B2B-A768-DCD6A03B6FEA}.Release|.NET.ActiveCfg = Release|Any CPU
		{A2AFDF98-2007-4B2B-A768-DCD6A03B6FEA}.Release|Any CPU.ActiveCfg = Release|Any CPU
		{A2AFDF98-2007-4B2B-A768-DCD6A03B6FEA}.Release|Any CPU.Build.0 = Release|Any CPU
		{A2AFDF98-2007-4B2B-A768-DCD6A03B6FEA}.Release|Mixed Platforms.ActiveCfg = Release|Any CPU
		{A2AFDF98-2007-4B2B-A768-DCD6A03B6FEA}.Release|Mixed Platforms.Build.0 = Release|Any CPU
		{71F1475B-53C4-4188-A01D-30DA4F63B77F}.Debug|.NET.ActiveCfg = Debug|Any CPU
		{71F1475B-53C4-4188-A01D-30DA4F63B77F}.Debug|Any CPU.ActiveCfg = Debug|Any CPU
		{71F1475B-53C4-4188-A01D-30DA4F63B77F}.Debug|Any CPU.Build.0 = Debug|Any CPU
		{71F1475B-53C4-4188-A01D-30DA4F63B77F}.Debug|Mixed Platforms.ActiveCfg = Debug|Any CPU
		{71F1475B-53C4-4188-A01D-30DA4F63B77F}.Debug|Mixed Platforms.Build.0 = Debug|Any CPU
		{71F1475B-53C4-4188-A01D-30DA4F63B77F}.Release|.NET.ActiveCfg = Release|Any CPU
		{71F1475B-53C4-4188-A01D-30DA4F63B77F}.Release|Any CPU.ActiveCfg = Release|Any CPU
		{71F1475B-53C4-4188-A01D-30DA4F63B77F}.Release|Any CPU.Build.0 = Release|Any CPU
		{71F1475B-53C4-4188-A01D-30DA4F63B77F}.Release|Mixed Platforms.ActiveCfg = Release|Any CPU
		{71F1475B-53C4-4188-A01D-30DA4F63B77F}.Release|Mixed Platforms.Build.0 = Release|Any CPU
		{9B9CD0E9-D048-45FD-BF0F-7C5A8E714AA2}.Debug|.NET.ActiveCfg = Debug|Any CPU
		{9B9CD0E9-D048-45FD-BF0F-7C5A8E714AA2}.Debug|Any CPU.ActiveCfg = Debug|Any CPU
		{9B9CD0E9-D048-45FD-BF0F-7C5A8E714AA2}.Debug|Any CPU.Build.0 = Debug|Any CPU
		{9B9CD0E9-D048-45FD-BF0F-7C5A8E714AA2}.Debug|Mixed Platforms.ActiveCfg = Debug|Any CPU
		{9B9CD0E9-D048-45FD-BF0F-7C5A8E714AA2}.Debug|Mixed Platforms.Build.0 = Debug|Any CPU
		{9B9CD0E9-D048-45FD-BF0F-7C5A8E714AA2}.Release|.NET.ActiveCfg = Release|Any CPU
		{9B9CD0E9-D048-45FD-BF0F-7C5A8E714AA2}.Release|Any CPU.ActiveCfg = Release|Any CPU
		{9B9CD0E9-D048-45FD-BF0F-7C5A8E714AA2}.Release|Any CPU.Build.0 = Release|Any CPU
		{9B9CD0E9-D048-45FD-BF0F-7C5A8E714AA2}.Release|Mixed Platforms.ActiveCfg = Release|Any CPU
		{9B9CD0E9-D048-45FD-BF0F-7C5A8E714AA2}.Release|Mixed Platforms.Build.0 = Release|Any CPU
		{C2DE271E-BAC1-48A8-9D06-432F4978DC94}.Debug|.NET.ActiveCfg = Debug|Any CPU
		{C2DE271E-BAC1-48A8-9D06-432F4978DC94}.Debug|Any CPU.ActiveCfg = Debug|Any CPU
		{C2DE271E-BAC1-48A8-9D06-432F4978DC94}.Debug|Any CPU.Build.0 = Debug|Any CPU
		{C2DE271E-BAC1-48A8-9D06-432F4978DC94}.Debug|Mixed Platforms.ActiveCfg = Debug|Any CPU
		{C2DE271E-BAC1-48A8-9D06-432F4978DC94}.Debug|Mixed Platforms.Build.0 = Debug|Any CPU
		{C2DE271E-BAC1-48A8-9D06-432F4978DC94}.Release|.NET.ActiveCfg = Release|Any CPU
		{C2DE271E-BAC1-48A8-9D06-432F4978DC94}.Release|Any CPU.ActiveCfg = Release|Any CPU
		{C2DE271E-BAC1-48A8-9D06-432F4978DC94}.Release|Any CPU.Build.0 = Release|Any CPU
		{C2DE271E-BAC1-48A8-9D06-432F4978DC94}.Release|Mixed Platforms.ActiveCfg = Release|Any CPU
		{C2DE271E-BAC1-48A8-9D06-432F4978DC94}.Release|Mixed Platforms.Build.0 = Release|Any CPU
		{EEEC04B8-BDD4-4F56-8B7B-4753BB270D11}.Debug|.NET.ActiveCfg = Debug|Any CPU
		{EEEC04B8-BDD4-4F56-8B7B-4753BB270D11}.Debug|Any CPU.ActiveCfg = Debug|Any CPU
		{EEEC04B8-BDD4-4F56-8B7B-4753BB270D11}.Debug|Any CPU.Build.0 = Debug|Any CPU
		{EEEC04B8-BDD4-4F56-8B7B-4753BB270D11}.Debug|Mixed Platforms.ActiveCfg = Debug|Any CPU
		{EEEC04B8-BDD4-4F56-8B7B-4753BB270D11}.Debug|Mixed Platforms.Build.0 = Debug|Any CPU
		{EEEC04B8-BDD4-4F56-8B7B-4753BB270D11}.Release|.NET.ActiveCfg = Release|Any CPU
		{EEEC04B8-BDD4-4F56-8B7B-4753BB270D11}.Release|Any CPU.ActiveCfg = Release|Any CPU
		{EEEC04B8-BDD4-4F56-8B7B-4753BB270D11}.Release|Any CPU.Build.0 = Release|Any CPU
		{EEEC04B8-BDD4-4F56-8B7B-4753BB270D11}.Release|Mixed Platforms.ActiveCfg = Release|Any CPU
		{EEEC04B8-BDD4-4F56-8B7B-4753BB270D11}.Release|Mixed Platforms.Build.0 = Release|Any CPU
		{6F44863A-B9EE-4371-90BD-7FDF849DD2C4}.Debug|.NET.ActiveCfg = Debug|Any CPU
		{6F44863A-B9EE-4371-90BD-7FDF849DD2C4}.Debug|Any CPU.ActiveCfg = Debug|Any CPU
		{6F44863A-B9EE-4371-90BD-7FDF849DD2C4}.Debug|Any CPU.Build.0 = Debug|Any CPU
		{6F44863A-B9EE-4371-90BD-7FDF849DD2C4}.Debug|Mixed Platforms.ActiveCfg = Debug|Any CPU
		{6F44863A-B9EE-4371-90BD-7FDF849DD2C4}.Debug|Mixed Platforms.Build.0 = Debug|Any CPU
		{6F44863A-B9EE-4371-90BD-7FDF849DD2C4}.Release|.NET.ActiveCfg = Release|Any CPU
		{6F44863A-B9EE-4371-90BD-7FDF849DD2C4}.Release|Any CPU.ActiveCfg = Release|Any CPU
		{6F44863A-B9EE-4371-90BD-7FDF849DD2C4}.Release|Any CPU.Build.0 = Release|Any CPU
		{6F44863A-B9EE-4371-90BD-7FDF849DD2C4}.Release|Mixed Platforms.ActiveCfg = Release|Any CPU
		{6F44863A-B9EE-4371-90BD-7FDF849DD2C4}.Release|Mixed Platforms.Build.0 = Release|Any CPU
		{E3D15A1E-65D0-457A-9894-7F4E36369163}.Debug|.NET.ActiveCfg = Debug|Any CPU
		{E3D15A1E-65D0-457A-9894-7F4E36369163}.Debug|Any CPU.ActiveCfg = Debug|Any CPU
		{E3D15A1E-65D0-457A-9894-7F4E36369163}.Debug|Any CPU.Build.0 = Debug|Any CPU
		{E3D15A1E-65D0-457A-9894-7F4E36369163}.Debug|Mixed Platforms.ActiveCfg = Debug|Any CPU
		{E3D15A1E-65D0-457A-9894-7F4E36369163}.Debug|Mixed Platforms.Build.0 = Debug|Any CPU
		{E3D15A1E-65D0-457A-9894-7F4E36369163}.Release|.NET.ActiveCfg = Release|Any CPU
		{E3D15A1E-65D0-457A-9894-7F4E36369163}.Release|Any CPU.ActiveCfg = Release|Any CPU
		{E3D15A1E-65D0-457A-9894-7F4E36369163}.Release|Any CPU.Build.0 = Release|Any CPU
		{E3D15A1E-65D0-457A-9894-7F4E36369163}.Release|Mixed Platforms.ActiveCfg = Release|Any CPU
		{E3D15A1E-65D0-457A-9894-7F4E36369163}.Release|Mixed Platforms.Build.0 = Release|Any CPU
		{A2A7E7E6-05E6-46AD-B8AE-862D9DA78A1E}.Debug|.NET.ActiveCfg = Debug|Any CPU
		{A2A7E7E6-05E6-46AD-B8AE-862D9DA78A1E}.Debug|Any CPU.ActiveCfg = Debug|Any CPU
		{A2A7E7E6-05E6-46AD-B8AE-862D9DA78A1E}.Debug|Any CPU.Build.0 = Debug|Any CPU
		{A2A7E7E6-05E6-46AD-B8AE-862D9DA78A1E}.Debug|Mixed Platforms.ActiveCfg = Debug|Any CPU
		{A2A7E7E6-05E6-46AD-B8AE-862D9DA78A1E}.Debug|Mixed Platforms.Build.0 = Debug|Any CPU
		{A2A7E7E6-05E6-46AD-B8AE-862D9DA78A1E}.Release|.NET.ActiveCfg = Release|Any CPU
		{A2A7E7E6-05E6-46AD-B8AE-862D9DA78A1E}.Release|Any CPU.ActiveCfg = Release|Any CPU
		{A2A7E7E6-05E6-46AD-B8AE-862D9DA78A1E}.Release|Any CPU.Build.0 = Release|Any CPU
		{A2A7E7E6-05E6-46AD-B8AE-862D9DA78A1E}.Release|Mixed Platforms.ActiveCfg = Release|Any CPU
		{A2A7E7E6-05E6-46AD-B8AE-862D9DA78A1E}.Release|Mixed Platforms.Build.0 = Release|Any CPU
		{DCAD5E2F-BA8C-430A-9651-995E97FE460D}.Debug|.NET.ActiveCfg = Debug|Any CPU
		{DCAD5E2F-BA8C-430A-9651-995E97FE460D}.Debug|Any CPU.ActiveCfg = Debug|Any CPU
		{DCAD5E2F-BA8C-430A-9651-995E97FE460D}.Debug|Any CPU.Build.0 = Debug|Any CPU
		{DCAD5E2F-BA8C-430A-9651-995E97FE460D}.Debug|Mixed Platforms.ActiveCfg = Debug|Any CPU
		{DCAD5E2F-BA8C-430A-9651-995E97FE460D}.Debug|Mixed Platforms.Build.0 = Debug|Any CPU
		{DCAD5E2F-BA8C-430A-9651-995E97FE460D}.Release|.NET.ActiveCfg = Release|Any CPU
		{DCAD5E2F-BA8C-430A-9651-995E97FE460D}.Release|Any CPU.ActiveCfg = Release|Any CPU
		{DCAD5E2F-BA8C-430A-9651-995E97FE460D}.Release|Any CPU.Build.0 = Release|Any CPU
		{DCAD5E2F-BA8C-430A-9651-995E97FE460D}.Release|Mixed Platforms.ActiveCfg = Release|Any CPU
		{DCAD5E2F-BA8C-430A-9651-995E97FE460D}.Release|Mixed Platforms.Build.0 = Release|Any CPU
		{3C1DD11E-4A0C-4B53-9C42-8268A4DE5A0E}.Debug|.NET.ActiveCfg = Debug|Any CPU
		{3C1DD11E-4A0C-4B53-9C42-8268A4DE5A0E}.Debug|Any CPU.ActiveCfg = Debug|Any CPU
		{3C1DD11E-4A0C-4B53-9C42-8268A4DE5A0E}.Debug|Any CPU.Build.0 = Debug|Any CPU
		{3C1DD11E-4A0C-4B53-9C42-8268A4DE5A0E}.Debug|Mixed Platforms.ActiveCfg = Debug|Any CPU
		{3C1DD11E-4A0C-4B53-9C42-8268A4DE5A0E}.Debug|Mixed Platforms.Build.0 = Debug|Any CPU
		{3C1DD11E-4A0C-4B53-9C42-8268A4DE5A0E}.Release|.NET.ActiveCfg = Release|Any CPU
		{3C1DD11E-4A0C-4B53-9C42-8268A4DE5A0E}.Release|Any CPU.ActiveCfg = Release|Any CPU
		{3C1DD11E-4A0C-4B53-9C42-8268A4DE5A0E}.Release|Any CPU.Build.0 = Release|Any CPU
		{3C1DD11E-4A0C-4B53-9C42-8268A4DE5A0E}.Release|Mixed Platforms.ActiveCfg = Release|Any CPU
		{3C1DD11E-4A0C-4B53-9C42-8268A4DE5A0E}.Release|Mixed Platforms.Build.0 = Release|Any CPU
		{A91DE3E2-DF16-42E1-B164-7B02F4B2665F}.Debug|.NET.ActiveCfg = Debug|Any CPU
		{A91DE3E2-DF16-42E1-B164-7B02F4B2665F}.Debug|Any CPU.ActiveCfg = Debug|Any CPU
		{A91DE3E2-DF16-42E1-B164-7B02F4B2665F}.Debug|Any CPU.Build.0 = Debug|Any CPU
		{A91DE3E2-DF16-42E1-B164-7B02F4B2665F}.Debug|Mixed Platforms.ActiveCfg = Debug|Any CPU
		{A91DE3E2-DF16-42E1-B164-7B02F4B2665F}.Debug|Mixed Platforms.Build.0 = Debug|Any CPU
		{A91DE3E2-DF16-42E1-B164-7B02F4B2665F}.Release|.NET.ActiveCfg = Release|Any CPU
		{A91DE3E2-DF16-42E1-B164-7B02F4B2665F}.Release|Any CPU.ActiveCfg = Release|Any CPU
		{A91DE3E2-DF16-42E1-B164-7B02F4B2665F}.Release|Any CPU.Build.0 = Release|Any CPU
		{A91DE3E2-DF16-42E1-B164-7B02F4B2665F}.Release|Mixed Platforms.ActiveCfg = Release|Any CPU
		{A91DE3E2-DF16-42E1-B164-7B02F4B2665F}.Release|Mixed Platforms.Build.0 = Release|Any CPU
		{C9BDBD03-DA86-408F-81A0-548D279A1BD8}.Debug|.NET.ActiveCfg = Debug|Any CPU
		{C9BDBD03-DA86-408F-81A0-548D279A1BD8}.Debug|Any CPU.ActiveCfg = Debug|Any CPU
		{C9BDBD03-DA86-408F-81A0-548D279A1BD8}.Debug|Any CPU.Build.0 = Debug|Any CPU
		{C9BDBD03-DA86-408F-81A0-548D279A1BD8}.Debug|Mixed Platforms.ActiveCfg = Debug|Any CPU
		{C9BDBD03-DA86-408F-81A0-548D279A1BD8}.Debug|Mixed Platforms.Build.0 = Debug|Any CPU
		{C9BDBD03-DA86-408F-81A0-548D279A1BD8}.Release|.NET.ActiveCfg = Release|Any CPU
		{C9BDBD03-DA86-408F-81A0-548D279A1BD8}.Release|Any CPU.ActiveCfg = Release|Any CPU
		{C9BDBD03-DA86-408F-81A0-548D279A1BD8}.Release|Any CPU.Build.0 = Release|Any CPU
		{C9BDBD03-DA86-408F-81A0-548D279A1BD8}.Release|Mixed Platforms.ActiveCfg = Release|Any CPU
		{C9BDBD03-DA86-408F-81A0-548D279A1BD8}.Release|Mixed Platforms.Build.0 = Release|Any CPU
		{2830F337-A7A3-4A68-87AC-64F3AA79C70B}.Debug|.NET.ActiveCfg = Debug|Any CPU
		{2830F337-A7A3-4A68-87AC-64F3AA79C70B}.Debug|Any CPU.ActiveCfg = Debug|Any CPU
		{2830F337-A7A3-4A68-87AC-64F3AA79C70B}.Debug|Any CPU.Build.0 = Debug|Any CPU
		{2830F337-A7A3-4A68-87AC-64F3AA79C70B}.Debug|Mixed Platforms.ActiveCfg = Debug|Any CPU
		{2830F337-A7A3-4A68-87AC-64F3AA79C70B}.Debug|Mixed Platforms.Build.0 = Debug|Any CPU
		{2830F337-A7A3-4A68-87AC-64F3AA79C70B}.Release|.NET.ActiveCfg = Release|Any CPU
		{2830F337-A7A3-4A68-87AC-64F3AA79C70B}.Release|Any CPU.ActiveCfg = Release|Any CPU
		{2830F337-A7A3-4A68-87AC-64F3AA79C70B}.Release|Any CPU.Build.0 = Release|Any CPU
		{2830F337-A7A3-4A68-87AC-64F3AA79C70B}.Release|Mixed Platforms.ActiveCfg = Release|Any CPU
		{2830F337-A7A3-4A68-87AC-64F3AA79C70B}.Release|Mixed Platforms.Build.0 = Release|Any CPU
		{A5D24F5A-DBA3-4952-BB53-64957FE418C1}.Debug|.NET.ActiveCfg = Debug|Any CPU
		{A5D24F5A-DBA3-4952-BB53-64957FE418C1}.Debug|Any CPU.ActiveCfg = Debug|Any CPU
		{A5D24F5A-DBA3-4952-BB53-64957FE418C1}.Debug|Any CPU.Build.0 = Debug|Any CPU
		{A5D24F5A-DBA3-4952-BB53-64957FE418C1}.Debug|Mixed Platforms.ActiveCfg = Debug|Any CPU
		{A5D24F5A-DBA3-4952-BB53-64957FE418C1}.Debug|Mixed Platforms.Build.0 = Debug|Any CPU
		{A5D24F5A-DBA3-4952-BB53-64957FE418C1}.Release|.NET.ActiveCfg = Release|Any CPU
		{A5D24F5A-DBA3-4952-BB53-64957FE418C1}.Release|Any CPU.ActiveCfg = Release|Any CPU
		{A5D24F5A-DBA3-4952-BB53-64957FE418C1}.Release|Any CPU.Build.0 = Release|Any CPU
		{A5D24F5A-DBA3-4952-BB53-64957FE418C1}.Release|Mixed Platforms.ActiveCfg = Release|Any CPU
		{A5D24F5A-DBA3-4952-BB53-64957FE418C1}.Release|Mixed Platforms.Build.0 = Release|Any CPU
		{0798D3DB-9F45-4CA8-8592-23F063C45CB4}.Debug|.NET.ActiveCfg = Debug|Any CPU
		{0798D3DB-9F45-4CA8-8592-23F063C45CB4}.Debug|Any CPU.ActiveCfg = Debug|Any CPU
		{0798D3DB-9F45-4CA8-8592-23F063C45CB4}.Debug|Any CPU.Build.0 = Debug|Any CPU
		{0798D3DB-9F45-4CA8-8592-23F063C45CB4}.Debug|Mixed Platforms.ActiveCfg = Debug|Any CPU
		{0798D3DB-9F45-4CA8-8592-23F063C45CB4}.Debug|Mixed Platforms.Build.0 = Debug|Any CPU
		{0798D3DB-9F45-4CA8-8592-23F063C45CB4}.Release|.NET.ActiveCfg = Release|Any CPU
		{0798D3DB-9F45-4CA8-8592-23F063C45CB4}.Release|Any CPU.ActiveCfg = Release|Any CPU
		{0798D3DB-9F45-4CA8-8592-23F063C45CB4}.Release|Any CPU.Build.0 = Release|Any CPU
		{0798D3DB-9F45-4CA8-8592-23F063C45CB4}.Release|Mixed Platforms.ActiveCfg = Release|Any CPU
		{0798D3DB-9F45-4CA8-8592-23F063C45CB4}.Release|Mixed Platforms.Build.0 = Release|Any CPU
		{270EDC38-25CA-483E-A2EC-1CD158F81387}.Debug|.NET.ActiveCfg = Debug|Any CPU
		{270EDC38-25CA-483E-A2EC-1CD158F81387}.Debug|Any CPU.ActiveCfg = Debug|Any CPU
		{270EDC38-25CA-483E-A2EC-1CD158F81387}.Debug|Any CPU.Build.0 = Debug|Any CPU
		{270EDC38-25CA-483E-A2EC-1CD158F81387}.Debug|Mixed Platforms.ActiveCfg = Debug|Any CPU
		{270EDC38-25CA-483E-A2EC-1CD158F81387}.Debug|Mixed Platforms.Build.0 = Debug|Any CPU
		{270EDC38-25CA-483E-A2EC-1CD158F81387}.Release|.NET.ActiveCfg = Release|Any CPU
		{270EDC38-25CA-483E-A2EC-1CD158F81387}.Release|Any CPU.ActiveCfg = Release|Any CPU
		{270EDC38-25CA-483E-A2EC-1CD158F81387}.Release|Any CPU.Build.0 = Release|Any CPU
		{270EDC38-25CA-483E-A2EC-1CD158F81387}.Release|Mixed Platforms.ActiveCfg = Release|Any CPU
		{270EDC38-25CA-483E-A2EC-1CD158F81387}.Release|Mixed Platforms.Build.0 = Release|Any CPU
		{A42A026A-CE2F-421D-BE46-93E659485A9C}.Debug|.NET.ActiveCfg = Debug|Any CPU
		{A42A026A-CE2F-421D-BE46-93E659485A9C}.Debug|Any CPU.ActiveCfg = Debug|Any CPU
		{A42A026A-CE2F-421D-BE46-93E659485A9C}.Debug|Any CPU.Build.0 = Debug|Any CPU
		{A42A026A-CE2F-421D-BE46-93E659485A9C}.Debug|Mixed Platforms.ActiveCfg = Debug|Any CPU
		{A42A026A-CE2F-421D-BE46-93E659485A9C}.Debug|Mixed Platforms.Build.0 = Debug|Any CPU
		{A42A026A-CE2F-421D-BE46-93E659485A9C}.Release|.NET.ActiveCfg = Release|Any CPU
		{A42A026A-CE2F-421D-BE46-93E659485A9C}.Release|Any CPU.ActiveCfg = Release|Any CPU
		{A42A026A-CE2F-421D-BE46-93E659485A9C}.Release|Any CPU.Build.0 = Release|Any CPU
		{A42A026A-CE2F-421D-BE46-93E659485A9C}.Release|Mixed Platforms.ActiveCfg = Release|Any CPU
		{A42A026A-CE2F-421D-BE46-93E659485A9C}.Release|Mixed Platforms.Build.0 = Release|Any CPU
		{80200C92-77FC-4508-B520-D51530BE2608}.Debug|.NET.ActiveCfg = Debug|Any CPU
		{80200C92-77FC-4508-B520-D51530BE2608}.Debug|Any CPU.ActiveCfg = Debug|Any CPU
		{80200C92-77FC-4508-B520-D51530BE2608}.Debug|Any CPU.Build.0 = Debug|Any CPU
		{80200C92-77FC-4508-B520-D51530BE2608}.Debug|Mixed Platforms.ActiveCfg = Debug|Any CPU
		{80200C92-77FC-4508-B520-D51530BE2608}.Debug|Mixed Platforms.Build.0 = Debug|Any CPU
		{80200C92-77FC-4508-B520-D51530BE2608}.Release|.NET.ActiveCfg = Release|Any CPU
		{80200C92-77FC-4508-B520-D51530BE2608}.Release|Any CPU.ActiveCfg = Release|Any CPU
		{80200C92-77FC-4508-B520-D51530BE2608}.Release|Any CPU.Build.0 = Release|Any CPU
		{80200C92-77FC-4508-B520-D51530BE2608}.Release|Mixed Platforms.ActiveCfg = Release|Any CPU
		{80200C92-77FC-4508-B520-D51530BE2608}.Release|Mixed Platforms.Build.0 = Release|Any CPU
		{F4CCBE43-F19E-49A1-982E-B66919F5D701}.Debug|.NET.ActiveCfg = Debug|Any CPU
		{F4CCBE43-F19E-49A1-982E-B66919F5D701}.Debug|Any CPU.ActiveCfg = Debug|Any CPU
		{F4CCBE43-F19E-49A1-982E-B66919F5D701}.Debug|Any CPU.Build.0 = Debug|Any CPU
		{F4CCBE43-F19E-49A1-982E-B66919F5D701}.Debug|Mixed Platforms.ActiveCfg = Debug|Any CPU
		{F4CCBE43-F19E-49A1-982E-B66919F5D701}.Debug|Mixed Platforms.Build.0 = Debug|Any CPU
		{F4CCBE43-F19E-49A1-982E-B66919F5D701}.Release|.NET.ActiveCfg = Release|Any CPU
		{F4CCBE43-F19E-49A1-982E-B66919F5D701}.Release|Any CPU.ActiveCfg = Release|Any CPU
		{F4CCBE43-F19E-49A1-982E-B66919F5D701}.Release|Any CPU.Build.0 = Release|Any CPU
		{F4CCBE43-F19E-49A1-982E-B66919F5D701}.Release|Mixed Platforms.ActiveCfg = Release|Any CPU
		{F4CCBE43-F19E-49A1-982E-B66919F5D701}.Release|Mixed Platforms.Build.0 = Release|Any CPU
		{BBE9497C-4AE2-4493-A611-DEBB37DFBBC8}.Debug|.NET.ActiveCfg = Debug|Any CPU
		{BBE9497C-4AE2-4493-A611-DEBB37DFBBC8}.Debug|Any CPU.ActiveCfg = Debug|Any CPU
		{BBE9497C-4AE2-4493-A611-DEBB37DFBBC8}.Debug|Any CPU.Build.0 = Debug|Any CPU
		{BBE9497C-4AE2-4493-A611-DEBB37DFBBC8}.Debug|Mixed Platforms.ActiveCfg = Debug|Any CPU
		{BBE9497C-4AE2-4493-A611-DEBB37DFBBC8}.Debug|Mixed Platforms.Build.0 = Debug|Any CPU
		{BBE9497C-4AE2-4493-A611-DEBB37DFBBC8}.Release|.NET.ActiveCfg = Release|Any CPU
		{BBE9497C-4AE2-4493-A611-DEBB37DFBBC8}.Release|Any CPU.ActiveCfg = Release|Any CPU
		{BBE9497C-4AE2-4493-A611-DEBB37DFBBC8}.Release|Any CPU.Build.0 = Release|Any CPU
		{BBE9497C-4AE2-4493-A611-DEBB37DFBBC8}.Release|Mixed Platforms.ActiveCfg = Release|Any CPU
		{BBE9497C-4AE2-4493-A611-DEBB37DFBBC8}.Release|Mixed Platforms.Build.0 = Release|Any CPU
		{CA939946-8E20-40F0-946A-8C637B0BB593}.Debug|.NET.ActiveCfg = Debug|Any CPU
		{CA939946-8E20-40F0-946A-8C637B0BB593}.Debug|Any CPU.ActiveCfg = Debug|Any CPU
		{CA939946-8E20-40F0-946A-8C637B0BB593}.Debug|Any CPU.Build.0 = Debug|Any CPU
		{CA939946-8E20-40F0-946A-8C637B0BB593}.Debug|Mixed Platforms.ActiveCfg = Debug|Any CPU
		{CA939946-8E20-40F0-946A-8C637B0BB593}.Debug|Mixed Platforms.Build.0 = Debug|Any CPU
		{CA939946-8E20-40F0-946A-8C637B0BB593}.Release|.NET.ActiveCfg = Release|Any CPU
		{CA939946-8E20-40F0-946A-8C637B0BB593}.Release|Any CPU.ActiveCfg = Release|Any CPU
		{CA939946-8E20-40F0-946A-8C637B0BB593}.Release|Any CPU.Build.0 = Release|Any CPU
		{CA939946-8E20-40F0-946A-8C637B0BB593}.Release|Mixed Platforms.ActiveCfg = Release|Any CPU
		{CA939946-8E20-40F0-946A-8C637B0BB593}.Release|Mixed Platforms.Build.0 = Release|Any CPU
		{5A1D2545-AAC1-43BF-9632-517C58FC1781}.Debug|.NET.ActiveCfg = Debug|Any CPU
		{5A1D2545-AAC1-43BF-9632-517C58FC1781}.Debug|Any CPU.ActiveCfg = Debug|Any CPU
		{5A1D2545-AAC1-43BF-9632-517C58FC1781}.Debug|Any CPU.Build.0 = Debug|Any CPU
		{5A1D2545-AAC1-43BF-9632-517C58FC1781}.Debug|Mixed Platforms.ActiveCfg = Debug|Any CPU
		{5A1D2545-AAC1-43BF-9632-517C58FC1781}.Debug|Mixed Platforms.Build.0 = Debug|Any CPU
		{5A1D2545-AAC1-43BF-9632-517C58FC1781}.Release|.NET.ActiveCfg = Release|Any CPU
		{5A1D2545-AAC1-43BF-9632-517C58FC1781}.Release|Any CPU.ActiveCfg = Release|Any CPU
		{5A1D2545-AAC1-43BF-9632-517C58FC1781}.Release|Any CPU.Build.0 = Release|Any CPU
		{5A1D2545-AAC1-43BF-9632-517C58FC1781}.Release|Mixed Platforms.ActiveCfg = Release|Any CPU
		{5A1D2545-AAC1-43BF-9632-517C58FC1781}.Release|Mixed Platforms.Build.0 = Release|Any CPU
		{3A68ECB5-6074-4A8D-A6BD-2413C5A4B243}.Debug|.NET.ActiveCfg = Debug|Any CPU
		{3A68ECB5-6074-4A8D-A6BD-2413C5A4B243}.Debug|Any CPU.ActiveCfg = Debug|Any CPU
		{3A68ECB5-6074-4A8D-A6BD-2413C5A4B243}.Debug|Any CPU.Build.0 = Debug|Any CPU
		{3A68ECB5-6074-4A8D-A6BD-2413C5A4B243}.Debug|Mixed Platforms.ActiveCfg = Debug|Any CPU
		{3A68ECB5-6074-4A8D-A6BD-2413C5A4B243}.Debug|Mixed Platforms.Build.0 = Debug|Any CPU
		{3A68ECB5-6074-4A8D-A6BD-2413C5A4B243}.Release|.NET.ActiveCfg = Release|Any CPU
		{3A68ECB5-6074-4A8D-A6BD-2413C5A4B243}.Release|Any CPU.ActiveCfg = Release|Any CPU
		{3A68ECB5-6074-4A8D-A6BD-2413C5A4B243}.Release|Any CPU.Build.0 = Release|Any CPU
		{3A68ECB5-6074-4A8D-A6BD-2413C5A4B243}.Release|Mixed Platforms.ActiveCfg = Release|Any CPU
		{3A68ECB5-6074-4A8D-A6BD-2413C5A4B243}.Release|Mixed Platforms.Build.0 = Release|Any CPU
		{67C393B3-1FC5-4B3D-A42B-2455B5DF4C31}.Debug|.NET.ActiveCfg = Debug|Any CPU
		{67C393B3-1FC5-4B3D-A42B-2455B5DF4C31}.Debug|Any CPU.ActiveCfg = Debug|Any CPU
		{67C393B3-1FC5-4B3D-A42B-2455B5DF4C31}.Debug|Any CPU.Build.0 = Debug|Any CPU
		{67C393B3-1FC5-4B3D-A42B-2455B5DF4C31}.Debug|Mixed Platforms.ActiveCfg = Debug|Any CPU
		{67C393B3-1FC5-4B3D-A42B-2455B5DF4C31}.Debug|Mixed Platforms.Build.0 = Debug|Any CPU
		{67C393B3-1FC5-4B3D-A42B-2455B5DF4C31}.Release|.NET.ActiveCfg = Release|Any CPU
		{67C393B3-1FC5-4B3D-A42B-2455B5DF4C31}.Release|Any CPU.ActiveCfg = Release|Any CPU
		{67C393B3-1FC5-4B3D-A42B-2455B5DF4C31}.Release|Any CPU.Build.0 = Release|Any CPU
		{67C393B3-1FC5-4B3D-A42B-2455B5DF4C31}.Release|Mixed Platforms.ActiveCfg = Release|Any CPU
		{67C393B3-1FC5-4B3D-A42B-2455B5DF4C31}.Release|Mixed Platforms.Build.0 = Release|Any CPU
		{E46A6AA6-56EE-4AE5-8725-DCD07DC95527}.Debug|.NET.ActiveCfg = Debug|Any CPU
		{E46A6AA6-56EE-4AE5-8725-DCD07DC95527}.Debug|Any CPU.ActiveCfg = Debug|Any CPU
		{E46A6AA6-56EE-4AE5-8725-DCD07DC95527}.Debug|Any CPU.Build.0 = Debug|Any CPU
		{E46A6AA6-56EE-4AE5-8725-DCD07DC95527}.Debug|Mixed Platforms.ActiveCfg = Debug|Any CPU
		{E46A6AA6-56EE-4AE5-8725-DCD07DC95527}.Debug|Mixed Platforms.Build.0 = Debug|Any CPU
		{E46A6AA6-56EE-4AE5-8725-DCD07DC95527}.Release|.NET.ActiveCfg = Release|Any CPU
		{E46A6AA6-56EE-4AE5-8725-DCD07DC95527}.Release|Any CPU.ActiveCfg = Release|Any CPU
		{E46A6AA6-56EE-4AE5-8725-DCD07DC95527}.Release|Any CPU.Build.0 = Release|Any CPU
		{E46A6AA6-56EE-4AE5-8725-DCD07DC95527}.Release|Mixed Platforms.ActiveCfg = Release|Any CPU
		{E46A6AA6-56EE-4AE5-8725-DCD07DC95527}.Release|Mixed Platforms.Build.0 = Release|Any CPU
		{4E2D7D54-2C6B-46E2-ACFA-BDA517679AE1}.Debug|.NET.ActiveCfg = Debug|Any CPU
		{4E2D7D54-2C6B-46E2-ACFA-BDA517679AE1}.Debug|Any CPU.ActiveCfg = Debug|Any CPU
		{4E2D7D54-2C6B-46E2-ACFA-BDA517679AE1}.Debug|Any CPU.Build.0 = Debug|Any CPU
		{4E2D7D54-2C6B-46E2-ACFA-BDA517679AE1}.Debug|Mixed Platforms.ActiveCfg = Debug|Any CPU
		{4E2D7D54-2C6B-46E2-ACFA-BDA517679AE1}.Debug|Mixed Platforms.Build.0 = Debug|Any CPU
		{4E2D7D54-2C6B-46E2-ACFA-BDA517679AE1}.Release|.NET.ActiveCfg = Release|Any CPU
		{4E2D7D54-2C6B-46E2-ACFA-BDA517679AE1}.Release|Any CPU.ActiveCfg = Release|Any CPU
		{4E2D7D54-2C6B-46E2-ACFA-BDA517679AE1}.Release|Any CPU.Build.0 = Release|Any CPU
		{4E2D7D54-2C6B-46E2-ACFA-BDA517679AE1}.Release|Mixed Platforms.ActiveCfg = Release|Any CPU
		{4E2D7D54-2C6B-46E2-ACFA-BDA517679AE1}.Release|Mixed Platforms.Build.0 = Release|Any CPU
		{7520A48F-E118-44C7-935F-2FC9A80D1181}.Debug|.NET.ActiveCfg = Debug|Any CPU
		{7520A48F-E118-44C7-935F-2FC9A80D1181}.Debug|Any CPU.ActiveCfg = Debug|Any CPU
		{7520A48F-E118-44C7-935F-2FC9A80D1181}.Debug|Any CPU.Build.0 = Debug|Any CPU
		{7520A48F-E118-44C7-935F-2FC9A80D1181}.Debug|Mixed Platforms.ActiveCfg = Debug|Any CPU
		{7520A48F-E118-44C7-935F-2FC9A80D1181}.Debug|Mixed Platforms.Build.0 = Debug|Any CPU
		{7520A48F-E118-44C7-935F-2FC9A80D1181}.Release|.NET.ActiveCfg = Release|Any CPU
		{7520A48F-E118-44C7-935F-2FC9A80D1181}.Release|Any CPU.ActiveCfg = Release|Any CPU
		{7520A48F-E118-44C7-935F-2FC9A80D1181}.Release|Any CPU.Build.0 = Release|Any CPU
		{7520A48F-E118-44C7-935F-2FC9A80D1181}.Release|Mixed Platforms.ActiveCfg = Release|Any CPU
		{7520A48F-E118-44C7-935F-2FC9A80D1181}.Release|Mixed Platforms.Build.0 = Release|Any CPU
		{B2F7104B-C302-409A-B6C7-3A74B6E5C5A1}.Debug|.NET.ActiveCfg = Debug|Any CPU
		{B2F7104B-C302-409A-B6C7-3A74B6E5C5A1}.Debug|Any CPU.ActiveCfg = Debug|Any CPU
		{B2F7104B-C302-409A-B6C7-3A74B6E5C5A1}.Debug|Any CPU.Build.0 = Debug|Any CPU
		{B2F7104B-C302-409A-B6C7-3A74B6E5C5A1}.Debug|Mixed Platforms.ActiveCfg = Debug|Any CPU
		{B2F7104B-C302-409A-B6C7-3A74B6E5C5A1}.Debug|Mixed Platforms.Build.0 = Debug|Any CPU
		{B2F7104B-C302-409A-B6C7-3A74B6E5C5A1}.Release|.NET.ActiveCfg = Release|Any CPU
		{B2F7104B-C302-409A-B6C7-3A74B6E5C5A1}.Release|Any CPU.ActiveCfg = Release|Any CPU
		{B2F7104B-C302-409A-B6C7-3A74B6E5C5A1}.Release|Any CPU.Build.0 = Release|Any CPU
		{B2F7104B-C302-409A-B6C7-3A74B6E5C5A1}.Release|Mixed Platforms.ActiveCfg = Release|Any CPU
		{B2F7104B-C302-409A-B6C7-3A74B6E5C5A1}.Release|Mixed Platforms.Build.0 = Release|Any CPU
		{F8150D58-1AD6-4411-AF27-FC8578D24C73}.Debug|.NET.ActiveCfg = Debug|Any CPU
		{F8150D58-1AD6-4411-AF27-FC8578D24C73}.Debug|Any CPU.ActiveCfg = Debug|Any CPU
		{F8150D58-1AD6-4411-AF27-FC8578D24C73}.Debug|Any CPU.Build.0 = Debug|Any CPU
		{F8150D58-1AD6-4411-AF27-FC8578D24C73}.Debug|Mixed Platforms.ActiveCfg = Debug|Any CPU
		{F8150D58-1AD6-4411-AF27-FC8578D24C73}.Debug|Mixed Platforms.Build.0 = Debug|Any CPU
		{F8150D58-1AD6-4411-AF27-FC8578D24C73}.Release|.NET.ActiveCfg = Release|Any CPU
		{F8150D58-1AD6-4411-AF27-FC8578D24C73}.Release|Any CPU.ActiveCfg = Release|Any CPU
		{F8150D58-1AD6-4411-AF27-FC8578D24C73}.Release|Any CPU.Build.0 = Release|Any CPU
		{F8150D58-1AD6-4411-AF27-FC8578D24C73}.Release|Mixed Platforms.ActiveCfg = Release|Any CPU
		{F8150D58-1AD6-4411-AF27-FC8578D24C73}.Release|Mixed Platforms.Build.0 = Release|Any CPU
		{56617BC2-3504-410C-AB98-E551EFCE4E3D}.Debug|.NET.ActiveCfg = Debug|Any CPU
		{56617BC2-3504-410C-AB98-E551EFCE4E3D}.Debug|Any CPU.ActiveCfg = Debug|Any CPU
		{56617BC2-3504-410C-AB98-E551EFCE4E3D}.Debug|Any CPU.Build.0 = Debug|Any CPU
		{56617BC2-3504-410C-AB98-E551EFCE4E3D}.Debug|Mixed Platforms.ActiveCfg = Debug|Any CPU
		{56617BC2-3504-410C-AB98-E551EFCE4E3D}.Debug|Mixed Platforms.Build.0 = Debug|Any CPU
		{56617BC2-3504-410C-AB98-E551EFCE4E3D}.Release|.NET.ActiveCfg = Release|Any CPU
		{56617BC2-3504-410C-AB98-E551EFCE4E3D}.Release|Any CPU.ActiveCfg = Release|Any CPU
		{56617BC2-3504-410C-AB98-E551EFCE4E3D}.Release|Any CPU.Build.0 = Release|Any CPU
		{56617BC2-3504-410C-AB98-E551EFCE4E3D}.Release|Mixed Platforms.ActiveCfg = Release|Any CPU
		{56617BC2-3504-410C-AB98-E551EFCE4E3D}.Release|Mixed Platforms.Build.0 = Release|Any CPU
		{45D0BFE5-C915-4453-BF3D-9101A8A3D0C4}.Debug|.NET.ActiveCfg = Debug
		{45D0BFE5-C915-4453-BF3D-9101A8A3D0C4}.Debug|Any CPU.ActiveCfg = Debug
		{45D0BFE5-C915-4453-BF3D-9101A8A3D0C4}.Debug|Mixed Platforms.ActiveCfg = Debug
		{45D0BFE5-C915-4453-BF3D-9101A8A3D0C4}.Release|.NET.ActiveCfg = Debug
		{45D0BFE5-C915-4453-BF3D-9101A8A3D0C4}.Release|Any CPU.ActiveCfg = Debug
		{45D0BFE5-C915-4453-BF3D-9101A8A3D0C4}.Release|Mixed Platforms.ActiveCfg = Debug
	EndGlobalSection
	GlobalSection(SolutionProperties) = preSolution
		HideSolutionNode = FALSE
	EndGlobalSection
EndGlobal
