
Microsoft Visual Studio Solution File, Format Version 10.00
# Visual Studio 2008
Project("{FAE04EC0-301F-11D3-BF4B-00C04F79EFBC}") = "AES_Teaching", "AES_Teaching.csproj", "{10A75AFD-D0F0-4225-AE94-383AB777DC54}"
EndProject
Project("{FAE04EC0-301F-11D3-BF4B-00C04F79EFBC}") = "CrypPluginBase", "..\..\CrypPluginBase\CrypPluginBase.csproj", "{25DB2B47-A457-4EC2-960B-395CE07AE093}"
EndProject
Global
	GlobalSection(SolutionConfigurationPlatforms) = preSolution
		Debug|Any CPU = Debug|Any CPU
		Release|Any CPU = Release|Any CPU
	EndGlobalSection
	GlobalSection(ProjectConfigurationPlatforms) = postSolution
		{10A75AFD-D0F0-4225-AE94-383AB777DC54}.Debug|Any CPU.ActiveCfg = Debug|Any CPU
		{10A75AFD-D0F0-4225-AE94-383AB777DC54}.Debug|Any CPU.Build.0 = Debug|Any CPU
		{10A75AFD-D0F0-4225-AE94-383AB777DC54}.Release|Any CPU.ActiveCfg = Release|Any CPU
		{10A75AFD-D0F0-4225-AE94-383AB777DC54}.Release|Any CPU.Build.0 = Release|Any CPU
		{25DB2B47-A457-4EC2-960B-395CE07AE093}.Debug|Any CPU.ActiveCfg = Debug|Any CPU
		{25DB2B47-A457-4EC2-960B-395CE07AE093}.Debug|Any CPU.Build.0 = Debug|Any CPU
		{25DB2B47-A457-4EC2-960B-395CE07AE093}.Release|Any CPU.ActiveCfg = Release|Any CPU
		{25DB2B47-A457-4EC2-960B-395CE07AE093}.Release|Any CPU.Build.0 = Release|Any CPU
	EndGlobalSection
	GlobalSection(SolutionProperties) = preSolution
		HideSolutionNode = FALSE
	EndGlobalSection
EndGlobal
