
Microsoft Visual Studio Solution File, Format Version 10.00
# Visual Studio 2008
Project("{FAE04EC0-301F-11D3-BF4B-00C04F79EFBC}") = "CrypCoreSearchTest", "CrypCoreSearchTest.csproj", "{90C71656-814E-48BF-A625-7B7E2B8F126C}"
EndProject
Global
	GlobalSection(SolutionConfigurationPlatforms) = preSolution
		Debug|Any CPU = Debug|Any CPU
		Release|Any CPU = Release|Any CPU
	EndGlobalSection
	GlobalSection(ProjectConfigurationPlatforms) = postSolution
		{90C71656-814E-48BF-A625-7B7E2B8F126C}.Debug|Any CPU.ActiveCfg = Debug|Any CPU
		{90C71656-814E-48BF-A625-7B7E2B8F126C}.Debug|Any CPU.Build.0 = Debug|Any CPU
		{90C71656-814E-48BF-A625-7B7E2B8F126C}.Release|Any CPU.ActiveCfg = Release|Any CPU
		{90C71656-814E-48BF-A625-7B7E2B8F126C}.Release|Any CPU.Build.0 = Release|Any CPU
	EndGlobalSection
	GlobalSection(SolutionProperties) = preSolution
		HideSolutionNode = FALSE
	EndGlobalSection
EndGlobal
