
Microsoft Visual Studio Solution File, Format Version 10.00
# Visual Studio 2008
Project("{FAE04EC0-301F-11D3-BF4B-00C04F79EFBC}") = "RSA", "RSA.csproj", "{3B8E9238-C7DB-4450-A254-3E4DC3964B1A}"
EndProject
Global
	GlobalSection(SolutionConfigurationPlatforms) = preSolution
		Debug|Any CPU = Debug|Any CPU
		Release|Any CPU = Release|Any CPU
	EndGlobalSection
	GlobalSection(ProjectConfigurationPlatforms) = postSolution
		{3B8E9238-C7DB-4450-A254-3E4DC3964B1A}.Debug|Any CPU.ActiveCfg = Debug|Any CPU
		{3B8E9238-C7DB-4450-A254-3E4DC3964B1A}.Debug|Any CPU.Build.0 = Debug|Any CPU
		{3B8E9238-C7DB-4450-A254-3E4DC3964B1A}.Release|Any CPU.ActiveCfg = Release|Any CPU
		{3B8E9238-C7DB-4450-A254-3E4DC3964B1A}.Release|Any CPU.Build.0 = Release|Any CPU
	EndGlobalSection
	GlobalSection(SolutionProperties) = preSolution
		HideSolutionNode = FALSE
	EndGlobalSection
EndGlobal
