
Microsoft Visual Studio Solution File, Format Version 10.00
# Visual Studio 2008
Project("{FAE04EC0-301F-11D3-BF4B-00C04F79EFBC}") = "PeerToPeer_DHTremove", "PeerToPeer_DHTremove.csproj", "{0FEE94EF-C54B-496D-AA98-7E4682B2280B}"
EndProject
Global
	GlobalSection(SolutionConfigurationPlatforms) = preSolution
		Debug|Any CPU = Debug|Any CPU
		Release|Any CPU = Release|Any CPU
	EndGlobalSection
	GlobalSection(ProjectConfigurationPlatforms) = postSolution
		{0FEE94EF-C54B-496D-AA98-7E4682B2280B}.Debug|Any CPU.ActiveCfg = Debug|Any CPU
		{0FEE94EF-C54B-496D-AA98-7E4682B2280B}.Debug|Any CPU.Build.0 = Debug|Any CPU
		{0FEE94EF-C54B-496D-AA98-7E4682B2280B}.Release|Any CPU.ActiveCfg = Release|Any CPU
		{0FEE94EF-C54B-496D-AA98-7E4682B2280B}.Release|Any CPU.Build.0 = Release|Any CPU
	EndGlobalSection
	GlobalSection(SolutionProperties) = preSolution
		HideSolutionNode = FALSE
	EndGlobalSection
EndGlobal
