
Microsoft Visual Studio Solution File, Format Version 10.00
# Visual Studio 2008
Project("{FAE04EC0-301F-11D3-BF4B-00C04F79EFBC}") = "TextOutput", "TextOutput.csproj", "{A5529873-06EA-4E38-8B99-5ABD84B20446}"
EndProject
Global
	GlobalSection(SolutionConfigurationPlatforms) = preSolution
		Debug|Any CPU = Debug|Any CPU
		Release|Any CPU = Release|Any CPU
	EndGlobalSection
	GlobalSection(ProjectConfigurationPlatforms) = postSolution
		{A5529873-06EA-4E38-8B99-5ABD84B20446}.Debug|Any CPU.ActiveCfg = Debug|Any CPU
		{A5529873-06EA-4E38-8B99-5ABD84B20446}.Debug|Any CPU.Build.0 = Debug|Any CPU
		{A5529873-06EA-4E38-8B99-5ABD84B20446}.Release|Any CPU.ActiveCfg = Release|Any CPU
		{A5529873-06EA-4E38-8B99-5ABD84B20446}.Release|Any CPU.Build.0 = Release|Any CPU
	EndGlobalSection
	GlobalSection(SolutionProperties) = preSolution
		HideSolutionNode = FALSE
	EndGlobalSection
EndGlobal
